// !$*UTF8*$!
{
	archiveVersion = 1;
	classes = {
	};
	objectVersion = 46;
	objects = {

/* Begin PBXBuildFile section */
		070868B51ADFFADF00E5AFDC /* ca.cert.der in Resources */ = {isa = PBXBuildFile; fileRef = 070868B41ADFF6B000E5AFDC /* ca.cert.der */; };
		070868B61ADFFADF00E5AFDC /* ca-chain.cert.der in Resources */ = {isa = PBXBuildFile; fileRef = 070868B01ADFF67200E5AFDC /* ca-chain.cert.der */; };
		070868B71ADFFADF00E5AFDC /* intermediate.cert.der in Resources */ = {isa = PBXBuildFile; fileRef = 070868B11ADFF67200E5AFDC /* intermediate.cert.der */; };
		070868B81ADFFADF00E5AFDC /* www.good.com.cert.der in Resources */ = {isa = PBXBuildFile; fileRef = 070868B21ADFF67200E5AFDC /* www.good.com.cert.der */; };
		070868BB1AE1672D00E5AFDC /* self.cert.der in Resources */ = {isa = PBXBuildFile; fileRef = 070868BA1AE1672D00E5AFDC /* self.cert.der */; };
		070868BC1AE1673200E5AFDC /* ca-chain-plus-self.cert.der in Resources */ = {isa = PBXBuildFile; fileRef = 070868B91AE1658200E5AFDC /* ca-chain-plus-self.cert.der */; };
		0710306C1AA88A510028092C /* TrustKitPinValidationOnlineTests.m in Sources */ = {isa = PBXBuildFile; fileRef = 0710306B1AA88A510028092C /* TrustKitPinValidationOnlineTests.m */; };
		075AA1091AC985FD00178223 /* TrustKitPinValidationOfflineTests.m in Sources */ = {isa = PBXBuildFile; fileRef = 2FA2868CAFECA46ADE0B6E3E /* TrustKitPinValidationOfflineTests.m */; };
		8C84804D1A896EE30017C155 /* TrustKit.h in Headers */ = {isa = PBXBuildFile; fileRef = 8C84804C1A896EE30017C155 /* TrustKit.h */; settings = {ATTRIBUTES = (Public, ); }; };
		8C8480531A896EE30017C155 /* TrustKit.framework in Frameworks */ = {isa = PBXBuildFile; fileRef = 8C8480471A896EE30017C155 /* TrustKit.framework */; };
		8C8480691A896F350017C155 /* fishhook.c in Sources */ = {isa = PBXBuildFile; fileRef = 8C8480671A896F350017C155 /* fishhook.c */; };
		8C84806A1A896F350017C155 /* fishhook.h in Headers */ = {isa = PBXBuildFile; fileRef = 8C8480681A896F350017C155 /* fishhook.h */; };
		8C84806D1A896F660017C155 /* TrustKit.m in Sources */ = {isa = PBXBuildFile; fileRef = 8C84806C1A896F660017C155 /* TrustKit.m */; };
		8CB068CB1AD47DDD008C79C2 /* subjectPublicKeyHash.m in Sources */ = {isa = PBXBuildFile; fileRef = 8CB068CA1AD47DDD008C79C2 /* subjectPublicKeyHash.m */; };
		8CE919121AEA01BB002B29AE /* TSKReporterDelegate.h in Headers */ = {isa = PBXBuildFile; fileRef = 8CE919111AEA01BB002B29AE /* TSKReporterDelegate.h */; };
		8CE919171AEA0229002B29AE /* domain_registry.h in Headers */ = {isa = PBXBuildFile; fileRef = 8CE919131AEA0229002B29AE /* domain_registry.h */; };
		8CE919181AEA0229002B29AE /* libassert_lib.a in Frameworks */ = {isa = PBXBuildFile; fileRef = 8CE919141AEA0229002B29AE /* libassert_lib.a */; };
		8CE919191AEA0229002B29AE /* libdomain_registry_lib.a in Frameworks */ = {isa = PBXBuildFile; fileRef = 8CE919151AEA0229002B29AE /* libdomain_registry_lib.a */; };
		8CE9191A1AEA0229002B29AE /* libinit_registry_tables_lib.a in Frameworks */ = {isa = PBXBuildFile; fileRef = 8CE919161AEA0229002B29AE /* libinit_registry_tables_lib.a */; };
/* End PBXBuildFile section */

/* Begin PBXContainerItemProxy section */
		8C8480541A896EE30017C155 /* PBXContainerItemProxy */ = {
			isa = PBXContainerItemProxy;
			containerPortal = 8C84803E1A896EE30017C155 /* Project object */;
			proxyType = 1;
			remoteGlobalIDString = 8C8480461A896EE30017C155;
			remoteInfo = TrustKit;
		};
/* End PBXContainerItemProxy section */

/* Begin PBXFileReference section */
		070868B01ADFF67200E5AFDC /* ca-chain.cert.der */ = {isa = PBXFileReference; lastKnownFileType = file; path = "ca-chain.cert.der"; sourceTree = "<group>"; };
		070868B11ADFF67200E5AFDC /* intermediate.cert.der */ = {isa = PBXFileReference; lastKnownFileType = file; path = intermediate.cert.der; sourceTree = "<group>"; };
		070868B21ADFF67200E5AFDC /* www.good.com.cert.der */ = {isa = PBXFileReference; lastKnownFileType = file; path = www.good.com.cert.der; sourceTree = "<group>"; };
		070868B41ADFF6B000E5AFDC /* ca.cert.der */ = {isa = PBXFileReference; lastKnownFileType = file; path = ca.cert.der; sourceTree = "<group>"; };
		070868B91AE1658200E5AFDC /* ca-chain-plus-self.cert.der */ = {isa = PBXFileReference; lastKnownFileType = file; path = "ca-chain-plus-self.cert.der"; sourceTree = "<group>"; };
		070868BA1AE1672D00E5AFDC /* self.cert.der */ = {isa = PBXFileReference; lastKnownFileType = file; path = self.cert.der; sourceTree = "<group>"; };
		0710306B1AA88A510028092C /* TrustKitPinValidationOnlineTests.m */ = {isa = PBXFileReference; fileEncoding = 4; lastKnownFileType = sourcecode.c.objc; path = TrustKitPinValidationOnlineTests.m; sourceTree = "<group>"; };
		2FA28052F8F01FDE594E4642 /* TrustKitTestCertificates.h */ = {isa = PBXFileReference; fileEncoding = 4; lastKnownFileType = sourcecode.c.h; path = TrustKitTestCertificates.h; sourceTree = "<group>"; };
		2FA286123F801C437F35D240 /* TrustKit+Private.h */ = {isa = PBXFileReference; fileEncoding = 4; lastKnownFileType = sourcecode.c.h; path = "TrustKit+Private.h"; sourceTree = "<group>"; };
		2FA2868CAFECA46ADE0B6E3E /* TrustKitPinValidationOfflineTests.m */ = {isa = PBXFileReference; fileEncoding = 4; lastKnownFileType = sourcecode.c.objc; path = TrustKitPinValidationOfflineTests.m; sourceTree = "<group>"; };
		8C8480471A896EE30017C155 /* TrustKit.framework */ = {isa = PBXFileReference; explicitFileType = wrapper.framework; includeInIndex = 0; path = TrustKit.framework; sourceTree = BUILT_PRODUCTS_DIR; };
		8C84804B1A896EE30017C155 /* Info.plist */ = {isa = PBXFileReference; lastKnownFileType = text.plist.xml; path = Info.plist; sourceTree = "<group>"; };
		8C84804C1A896EE30017C155 /* TrustKit.h */ = {isa = PBXFileReference; lastKnownFileType = sourcecode.c.h; path = TrustKit.h; sourceTree = "<group>"; };
		8C8480521A896EE30017C155 /* TrustKitTests.xctest */ = {isa = PBXFileReference; explicitFileType = wrapper.cfbundle; includeInIndex = 0; path = TrustKitTests.xctest; sourceTree = BUILT_PRODUCTS_DIR; };
		8C8480581A896EE30017C155 /* Info.plist */ = {isa = PBXFileReference; lastKnownFileType = text.plist.xml; path = Info.plist; sourceTree = "<group>"; };
		8C8480671A896F350017C155 /* fishhook.c */ = {isa = PBXFileReference; fileEncoding = 4; lastKnownFileType = sourcecode.c.c; name = fishhook.c; path = fishhook/fishhook.c; sourceTree = "<group>"; };
		8C8480681A896F350017C155 /* fishhook.h */ = {isa = PBXFileReference; fileEncoding = 4; lastKnownFileType = sourcecode.c.h; name = fishhook.h; path = fishhook/fishhook.h; sourceTree = "<group>"; };
		8C84806C1A896F660017C155 /* TrustKit.m */ = {isa = PBXFileReference; fileEncoding = 4; lastKnownFileType = sourcecode.c.objc; path = TrustKit.m; sourceTree = "<group>"; };
		8CB068CA1AD47DDD008C79C2 /* subjectPublicKeyHash.m */ = {isa = PBXFileReference; fileEncoding = 4; lastKnownFileType = sourcecode.c.objc; path = subjectPublicKeyHash.m; sourceTree = "<group>"; };
		8CB068CC1AD47E06008C79C2 /* subjectPublicKeyHash.h */ = {isa = PBXFileReference; lastKnownFileType = sourcecode.c.h; path = subjectPublicKeyHash.h; sourceTree = "<group>"; };
		8CE919111AEA01BB002B29AE /* TSKReporterDelegate.h */ = {isa = PBXFileReference; fileEncoding = 4; lastKnownFileType = sourcecode.c.h; path = TSKReporterDelegate.h; sourceTree = "<group>"; };
		8CE919131AEA0229002B29AE /* domain_registry.h */ = {isa = PBXFileReference; fileEncoding = 4; lastKnownFileType = sourcecode.c.h; name = domain_registry.h; path = domain_registry/domain_registry.h; sourceTree = "<group>"; };
		8CE919141AEA0229002B29AE /* libassert_lib.a */ = {isa = PBXFileReference; lastKnownFileType = archive.ar; name = libassert_lib.a; path = domain_registry/libassert_lib.a; sourceTree = "<group>"; };
		8CE919151AEA0229002B29AE /* libdomain_registry_lib.a */ = {isa = PBXFileReference; lastKnownFileType = archive.ar; name = libdomain_registry_lib.a; path = domain_registry/libdomain_registry_lib.a; sourceTree = "<group>"; };
		8CE919161AEA0229002B29AE /* libinit_registry_tables_lib.a */ = {isa = PBXFileReference; lastKnownFileType = archive.ar; name = libinit_registry_tables_lib.a; path = domain_registry/libinit_registry_tables_lib.a; sourceTree = "<group>"; };
/* End PBXFileReference section */

/* Begin PBXFrameworksBuildPhase section */
		8C8480431A896EE30017C155 /* Frameworks */ = {
			isa = PBXFrameworksBuildPhase;
			buildActionMask = 2147483647;
			files = (
				8CE919191AEA0229002B29AE /* libdomain_registry_lib.a in Frameworks */,
				8CE919181AEA0229002B29AE /* libassert_lib.a in Frameworks */,
				8CE9191A1AEA0229002B29AE /* libinit_registry_tables_lib.a in Frameworks */,
			);
			runOnlyForDeploymentPostprocessing = 0;
		};
		8C84804F1A896EE30017C155 /* Frameworks */ = {
			isa = PBXFrameworksBuildPhase;
			buildActionMask = 2147483647;
			files = (
				8C8480531A896EE30017C155 /* TrustKit.framework in Frameworks */,
			);
			runOnlyForDeploymentPostprocessing = 0;
		};
/* End PBXFrameworksBuildPhase section */

/* Begin PBXGroup section */
		070868B31ADFF68200E5AFDC /* Certificates */ = {
			isa = PBXGroup;
			children = (
				070868BA1AE1672D00E5AFDC /* self.cert.der */,
				070868B91AE1658200E5AFDC /* ca-chain-plus-self.cert.der */,
				070868B41ADFF6B000E5AFDC /* ca.cert.der */,
				070868B01ADFF67200E5AFDC /* ca-chain.cert.der */,
				070868B11ADFF67200E5AFDC /* intermediate.cert.der */,
				070868B21ADFF67200E5AFDC /* www.good.com.cert.der */,
			);
			name = Certificates;
			sourceTree = "<group>";
		};
		8C3492901ADCA059001849FD /* domain_registry */ = {
			isa = PBXGroup;
			children = (
				8CE919131AEA0229002B29AE /* domain_registry.h */,
				8CE919141AEA0229002B29AE /* libassert_lib.a */,
				8CE919151AEA0229002B29AE /* libdomain_registry_lib.a */,
				8CE919161AEA0229002B29AE /* libinit_registry_tables_lib.a */,
			);
			name = domain_registry;
			sourceTree = "<group>";
		};
		8C84803D1A896EE30017C155 = {
			isa = PBXGroup;
			children = (
				8C8480491A896EE30017C155 /* TrustKit */,
				8C8480561A896EE30017C155 /* TrustKitTests */,
				8C8480481A896EE30017C155 /* Products */,
			);
			sourceTree = "<group>";
		};
		8C8480481A896EE30017C155 /* Products */ = {
			isa = PBXGroup;
			children = (
				8C8480471A896EE30017C155 /* TrustKit.framework */,
				8C8480521A896EE30017C155 /* TrustKitTests.xctest */,
			);
			name = Products;
			sourceTree = "<group>";
		};
		8C8480491A896EE30017C155 /* TrustKit */ = {
			isa = PBXGroup;
			children = (
				8CE919111AEA01BB002B29AE /* TSKReporterDelegate.h */,
				8C3492901ADCA059001849FD /* domain_registry */,
				8C84806B1A896F3C0017C155 /* fishhook */,
				8C84804C1A896EE30017C155 /* TrustKit.h */,
				8C84806C1A896F660017C155 /* TrustKit.m */,
				2FA286123F801C437F35D240 /* TrustKit+Private.h */,
				8C84804A1A896EE30017C155 /* Supporting Files */,
				8CB068CA1AD47DDD008C79C2 /* subjectPublicKeyHash.m */,
				8CB068CC1AD47E06008C79C2 /* subjectPublicKeyHash.h */,
			);
			path = TrustKit;
			sourceTree = "<group>";
		};
		8C84804A1A896EE30017C155 /* Supporting Files */ = {
			isa = PBXGroup;
			children = (
				8C84804B1A896EE30017C155 /* Info.plist */,
			);
			name = "Supporting Files";
			sourceTree = "<group>";
		};
		8C8480561A896EE30017C155 /* TrustKitTests */ = {
			isa = PBXGroup;
			children = (
				070868B31ADFF68200E5AFDC /* Certificates */,
				0710306B1AA88A510028092C /* TrustKitPinValidationOnlineTests.m */,
				2FA2868CAFECA46ADE0B6E3E /* TrustKitPinValidationOfflineTests.m */,
				2FA28052F8F01FDE594E4642 /* TrustKitTestCertificates.h */,
				8C8480571A896EE30017C155 /* Supporting Files */,
			);
			path = TrustKitTests;
			sourceTree = "<group>";
		};
		8C8480571A896EE30017C155 /* Supporting Files */ = {
			isa = PBXGroup;
			children = (
				8C8480581A896EE30017C155 /* Info.plist */,
			);
			name = "Supporting Files";
			sourceTree = "<group>";
		};
		8C84806B1A896F3C0017C155 /* fishhook */ = {
			isa = PBXGroup;
			children = (
				8C8480671A896F350017C155 /* fishhook.c */,
				8C8480681A896F350017C155 /* fishhook.h */,
			);
			name = fishhook;
			sourceTree = "<group>";
		};
/* End PBXGroup section */

/* Begin PBXHeadersBuildPhase section */
		8C8480441A896EE30017C155 /* Headers */ = {
			isa = PBXHeadersBuildPhase;
			buildActionMask = 2147483647;
			files = (
				8CE919171AEA0229002B29AE /* domain_registry.h in Headers */,
				8C84804D1A896EE30017C155 /* TrustKit.h in Headers */,
				8C84806A1A896F350017C155 /* fishhook.h in Headers */,
				8CE919121AEA01BB002B29AE /* TSKReporterDelegate.h in Headers */,
			);
			runOnlyForDeploymentPostprocessing = 0;
		};
/* End PBXHeadersBuildPhase section */

/* Begin PBXNativeTarget section */
		8C8480461A896EE30017C155 /* TrustKit */ = {
			isa = PBXNativeTarget;
			buildConfigurationList = 8C84805D1A896EE30017C155 /* Build configuration list for PBXNativeTarget "TrustKit" */;
			buildPhases = (
				8C8480421A896EE30017C155 /* Sources */,
				8C8480431A896EE30017C155 /* Frameworks */,
				8C8480441A896EE30017C155 /* Headers */,
				8C8480451A896EE30017C155 /* Resources */,
			);
			buildRules = (
			);
			dependencies = (
			);
			name = TrustKit;
			productName = TrustKit;
			productReference = 8C8480471A896EE30017C155 /* TrustKit.framework */;
			productType = "com.apple.product-type.framework";
		};
		8C8480511A896EE30017C155 /* TrustKitTests */ = {
			isa = PBXNativeTarget;
			buildConfigurationList = 8C8480601A896EE30017C155 /* Build configuration list for PBXNativeTarget "TrustKitTests" */;
			buildPhases = (
				8C84804E1A896EE30017C155 /* Sources */,
				8C84804F1A896EE30017C155 /* Frameworks */,
				8C8480501A896EE30017C155 /* Resources */,
			);
			buildRules = (
			);
			dependencies = (
				8C8480551A896EE30017C155 /* PBXTargetDependency */,
			);
			name = TrustKitTests;
			productName = TrustKitTests;
			productReference = 8C8480521A896EE30017C155 /* TrustKitTests.xctest */;
			productType = "com.apple.product-type.bundle.unit-test";
		};
/* End PBXNativeTarget section */

/* Begin PBXProject section */
		8C84803E1A896EE30017C155 /* Project object */ = {
			isa = PBXProject;
			attributes = {
				LastUpgradeCheck = 0610;
				ORGANIZATIONNAME = "Data Theorem";
				TargetAttributes = {
					8C8480461A896EE30017C155 = {
						CreatedOnToolsVersion = 6.1.1;
						DevelopmentTeam = D94Z5227S5;
					};
					8C8480511A896EE30017C155 = {
						CreatedOnToolsVersion = 6.1.1;
					};
				};
			};
			buildConfigurationList = 8C8480411A896EE30017C155 /* Build configuration list for PBXProject "TrustKit" */;
			compatibilityVersion = "Xcode 3.2";
			developmentRegion = English;
			hasScannedForEncodings = 0;
			knownRegions = (
				en,
			);
			mainGroup = 8C84803D1A896EE30017C155;
			productRefGroup = 8C8480481A896EE30017C155 /* Products */;
			projectDirPath = "";
			projectRoot = "";
			targets = (
				8C8480461A896EE30017C155 /* TrustKit */,
				8C8480511A896EE30017C155 /* TrustKitTests */,
			);
		};
/* End PBXProject section */

/* Begin PBXResourcesBuildPhase section */
		8C8480451A896EE30017C155 /* Resources */ = {
			isa = PBXResourcesBuildPhase;
			buildActionMask = 2147483647;
			files = (
			);
			runOnlyForDeploymentPostprocessing = 0;
		};
		8C8480501A896EE30017C155 /* Resources */ = {
			isa = PBXResourcesBuildPhase;
			buildActionMask = 2147483647;
			files = (
				070868B51ADFFADF00E5AFDC /* ca.cert.der in Resources */,
				070868BB1AE1672D00E5AFDC /* self.cert.der in Resources */,
				070868B61ADFFADF00E5AFDC /* ca-chain.cert.der in Resources */,
				070868B71ADFFADF00E5AFDC /* intermediate.cert.der in Resources */,
				070868BC1AE1673200E5AFDC /* ca-chain-plus-self.cert.der in Resources */,
				070868B81ADFFADF00E5AFDC /* www.good.com.cert.der in Resources */,
			);
			runOnlyForDeploymentPostprocessing = 0;
		};
/* End PBXResourcesBuildPhase section */

/* Begin PBXSourcesBuildPhase section */
		8C8480421A896EE30017C155 /* Sources */ = {
			isa = PBXSourcesBuildPhase;
			buildActionMask = 2147483647;
			files = (
				8CB068CB1AD47DDD008C79C2 /* subjectPublicKeyHash.m in Sources */,
				8C8480691A896F350017C155 /* fishhook.c in Sources */,
				8C84806D1A896F660017C155 /* TrustKit.m in Sources */,
			);
			runOnlyForDeploymentPostprocessing = 0;
		};
		8C84804E1A896EE30017C155 /* Sources */ = {
			isa = PBXSourcesBuildPhase;
			buildActionMask = 2147483647;
			files = (
				0710306C1AA88A510028092C /* TrustKitPinValidationOnlineTests.m in Sources */,
				075AA1091AC985FD00178223 /* TrustKitPinValidationOfflineTests.m in Sources */,
			);
			runOnlyForDeploymentPostprocessing = 0;
		};
/* End PBXSourcesBuildPhase section */

/* Begin PBXTargetDependency section */
		8C8480551A896EE30017C155 /* PBXTargetDependency */ = {
			isa = PBXTargetDependency;
			target = 8C8480461A896EE30017C155 /* TrustKit */;
			targetProxy = 8C8480541A896EE30017C155 /* PBXContainerItemProxy */;
		};
/* End PBXTargetDependency section */

/* Begin XCBuildConfiguration section */
		8C84805B1A896EE30017C155 /* Debug */ = {
			isa = XCBuildConfiguration;
			buildSettings = {
				ALWAYS_SEARCH_USER_PATHS = NO;
				CLANG_CXX_LANGUAGE_STANDARD = "gnu++0x";
				CLANG_CXX_LIBRARY = "libc++";
				CLANG_ENABLE_MODULES = YES;
				CLANG_ENABLE_OBJC_ARC = YES;
				CLANG_WARN_BOOL_CONVERSION = YES;
				CLANG_WARN_CONSTANT_CONVERSION = YES;
				CLANG_WARN_DIRECT_OBJC_ISA_USAGE = YES_ERROR;
				CLANG_WARN_EMPTY_BODY = YES;
				CLANG_WARN_ENUM_CONVERSION = YES;
				CLANG_WARN_INT_CONVERSION = YES;
				CLANG_WARN_OBJC_ROOT_CLASS = YES_ERROR;
				CLANG_WARN_UNREACHABLE_CODE = YES;
				CLANG_WARN__DUPLICATE_METHOD_MATCH = YES;
				"CODE_SIGN_IDENTITY[sdk=iphoneos*]" = "iPhone Developer";
				COPY_PHASE_STRIP = NO;
				CURRENT_PROJECT_VERSION = 1;
				ENABLE_STRICT_OBJC_MSGSEND = YES;
				GCC_C_LANGUAGE_STANDARD = gnu99;
				GCC_DYNAMIC_NO_PIC = NO;
				GCC_OPTIMIZATION_LEVEL = 0;
				GCC_PREPROCESSOR_DEFINITIONS = (
					"DEBUG=1",
					"$(inherited)",
				);
				GCC_SYMBOLS_PRIVATE_EXTERN = NO;
				GCC_WARN_64_TO_32_BIT_CONVERSION = YES;
				GCC_WARN_ABOUT_RETURN_TYPE = YES_ERROR;
				GCC_WARN_UNDECLARED_SELECTOR = YES;
				GCC_WARN_UNINITIALIZED_AUTOS = YES_AGGRESSIVE;
				GCC_WARN_UNUSED_FUNCTION = YES;
				GCC_WARN_UNUSED_VARIABLE = YES;
				IPHONEOS_DEPLOYMENT_TARGET = 8.1;
				MTL_ENABLE_DEBUG_INFO = YES;
				ONLY_ACTIVE_ARCH = YES;
				SDKROOT = iphoneos;
				TARGETED_DEVICE_FAMILY = "1,2";
				VERSIONING_SYSTEM = "apple-generic";
				VERSION_INFO_PREFIX = "";
			};
			name = Debug;
		};
		8C84805C1A896EE30017C155 /* Release */ = {
			isa = XCBuildConfiguration;
			buildSettings = {
				ALWAYS_SEARCH_USER_PATHS = NO;
				CLANG_CXX_LANGUAGE_STANDARD = "gnu++0x";
				CLANG_CXX_LIBRARY = "libc++";
				CLANG_ENABLE_MODULES = YES;
				CLANG_ENABLE_OBJC_ARC = YES;
				CLANG_WARN_BOOL_CONVERSION = YES;
				CLANG_WARN_CONSTANT_CONVERSION = YES;
				CLANG_WARN_DIRECT_OBJC_ISA_USAGE = YES_ERROR;
				CLANG_WARN_EMPTY_BODY = YES;
				CLANG_WARN_ENUM_CONVERSION = YES;
				CLANG_WARN_INT_CONVERSION = YES;
				CLANG_WARN_OBJC_ROOT_CLASS = YES_ERROR;
				CLANG_WARN_UNREACHABLE_CODE = YES;
				CLANG_WARN__DUPLICATE_METHOD_MATCH = YES;
				"CODE_SIGN_IDENTITY[sdk=iphoneos*]" = "iPhone Developer";
				COPY_PHASE_STRIP = YES;
				CURRENT_PROJECT_VERSION = 1;
				ENABLE_NS_ASSERTIONS = NO;
				ENABLE_STRICT_OBJC_MSGSEND = YES;
				GCC_C_LANGUAGE_STANDARD = gnu99;
				GCC_WARN_64_TO_32_BIT_CONVERSION = YES;
				GCC_WARN_ABOUT_RETURN_TYPE = YES_ERROR;
				GCC_WARN_UNDECLARED_SELECTOR = YES;
				GCC_WARN_UNINITIALIZED_AUTOS = YES_AGGRESSIVE;
				GCC_WARN_UNUSED_FUNCTION = YES;
				GCC_WARN_UNUSED_VARIABLE = YES;
				IPHONEOS_DEPLOYMENT_TARGET = 8.1;
				MTL_ENABLE_DEBUG_INFO = NO;
				SDKROOT = iphoneos;
				TARGETED_DEVICE_FAMILY = "1,2";
				VALIDATE_PRODUCT = YES;
				VERSIONING_SYSTEM = "apple-generic";
				VERSION_INFO_PREFIX = "";
			};
			name = Release;
		};
		8C84805E1A896EE30017C155 /* Debug */ = {
			isa = XCBuildConfiguration;
			buildSettings = {
				APPLICATION_EXTENSION_API_ONLY = YES;
				CODE_SIGN_IDENTITY = "iPhone Developer";
				"CODE_SIGN_IDENTITY[sdk=iphoneos*]" = "iPhone Developer";
				DEFINES_MODULE = YES;
				DYLIB_COMPATIBILITY_VERSION = 1;
				DYLIB_CURRENT_VERSION = 1;
				DYLIB_INSTALL_NAME_BASE = "@rpath";
				INFOPLIST_FILE = TrustKit/Info.plist;
				INSTALL_PATH = "$(LOCAL_LIBRARY_DIR)/Frameworks";
				LD_RUNPATH_SEARCH_PATHS = "$(inherited) @executable_path/Frameworks @loader_path/Frameworks";
				LIBRARY_SEARCH_PATHS = (
					"$(inherited)",
					"$(PROJECT_DIR)/TrustKit",
					"$(PROJECT_DIR)/TrustKit/domain_registry",
				);
				PRODUCT_NAME = "$(TARGET_NAME)";
				PROVISIONING_PROFILE = "";
				SKIP_INSTALL = YES;
				VALID_ARCHS = "arm64 armv7 armv7s";
			};
			name = Debug;
		};
		8C84805F1A896EE30017C155 /* Release */ = {
			isa = XCBuildConfiguration;
			buildSettings = {
				APPLICATION_EXTENSION_API_ONLY = YES;
				CODE_SIGN_IDENTITY = "iPhone Developer";
				"CODE_SIGN_IDENTITY[sdk=iphoneos*]" = "iPhone Developer";
				DEFINES_MODULE = YES;
				DYLIB_COMPATIBILITY_VERSION = 1;
				DYLIB_CURRENT_VERSION = 1;
				DYLIB_INSTALL_NAME_BASE = "@rpath";
				INFOPLIST_FILE = TrustKit/Info.plist;
				INSTALL_PATH = "$(LOCAL_LIBRARY_DIR)/Frameworks";
				LD_RUNPATH_SEARCH_PATHS = "$(inherited) @executable_path/Frameworks @loader_path/Frameworks";
				LIBRARY_SEARCH_PATHS = (
					"$(inherited)",
					"$(PROJECT_DIR)/TrustKit",
					"$(PROJECT_DIR)/TrustKit/domain_registry",
				);
				PRODUCT_NAME = "$(TARGET_NAME)";
				PROVISIONING_PROFILE = "";
				SKIP_INSTALL = YES;
				VALID_ARCHS = "arm64 armv7 armv7s";
			};
			name = Release;
		};
		8C8480611A896EE30017C155 /* Debug */ = {
			isa = XCBuildConfiguration;
			buildSettings = {
				FRAMEWORK_SEARCH_PATHS = (
					"$(SDKROOT)/Developer/Library/Frameworks",
					"$(inherited)",
				);
				GCC_PREPROCESSOR_DEFINITIONS = (
					"DEBUG=1",
					"$(inherited)",
				);
				INFOPLIST_FILE = TrustKitTests/Info.plist;
				LD_RUNPATH_SEARCH_PATHS = "$(inherited) @executable_path/Frameworks @loader_path/Frameworks";
				PRODUCT_NAME = "$(TARGET_NAME)";
				VALID_ARCHS = "arm64 armv7 armv7s";
			};
			name = Debug;
		};
		8C8480621A896EE30017C155 /* Release */ = {
			isa = XCBuildConfiguration;
			buildSettings = {
				FRAMEWORK_SEARCH_PATHS = (
					"$(SDKROOT)/Developer/Library/Frameworks",
					"$(inherited)",
				);
				INFOPLIST_FILE = TrustKitTests/Info.plist;
				LD_RUNPATH_SEARCH_PATHS = "$(inherited) @executable_path/Frameworks @loader_path/Frameworks";
				PRODUCT_NAME = "$(TARGET_NAME)";
				VALID_ARCHS = "arm64 armv7 armv7s";
			};
			name = Release;
		};
/* End XCBuildConfiguration section */

/* Begin XCConfigurationList section */
		8C8480411A896EE30017C155 /* Build configuration list for PBXProject "TrustKit" */ = {
			isa = XCConfigurationList;
			buildConfigurations = (
				8C84805B1A896EE30017C155 /* Debug */,
				8C84805C1A896EE30017C155 /* Release */,
			);
			defaultConfigurationIsVisible = 0;
			defaultConfigurationName = Release;
		};
		8C84805D1A896EE30017C155 /* Build configuration list for PBXNativeTarget "TrustKit" */ = {
			isa = XCConfigurationList;
			buildConfigurations = (
				8C84805E1A896EE30017C155 /* Debug */,
				8C84805F1A896EE30017C155 /* Release */,
			);
			defaultConfigurationIsVisible = 0;
			defaultConfigurationName = Release;
		};
		8C8480601A896EE30017C155 /* Build configuration list for PBXNativeTarget "TrustKitTests" */ = {
			isa = XCConfigurationList;
			buildConfigurations = (
				8C8480611A896EE30017C155 /* Debug */,
				8C8480621A896EE30017C155 /* Release */,
			);
			defaultConfigurationIsVisible = 0;
			defaultConfigurationName = Release;
		};
/* End XCConfigurationList section */
	};
	rootObject = 8C84803E1A896EE30017C155 /* Project object */;
}
