// !$*UTF8*$!
{
	archiveVersion = 1;
	classes = {
	};
	objectVersion = 46;
	objects = {

/* Begin PBXBuildFile section */
		6B6B475A1B1EECB4007757EE /* main.m in Sources */ = {isa = PBXBuildFile; fileRef = 6B6B47591B1EECB4007757EE /* main.m */; };
		6B6B475D1B1EECB4007757EE /* AppDelegate.m in Sources */ = {isa = PBXBuildFile; fileRef = 6B6B475C1B1EECB4007757EE /* AppDelegate.m */; };
		6B6B47601B1EECB4007757EE /* ViewController.m in Sources */ = {isa = PBXBuildFile; fileRef = 6B6B475F1B1EECB4007757EE /* ViewController.m */; };
		6B6B47631B1EECB4007757EE /* Main.storyboard in Resources */ = {isa = PBXBuildFile; fileRef = 6B6B47611B1EECB4007757EE /* Main.storyboard */; };
		6B6B47651B1EECB4007757EE /* Images.xcassets in Resources */ = {isa = PBXBuildFile; fileRef = 6B6B47641B1EECB4007757EE /* Images.xcassets */; };
		6B6B47681B1EECB4007757EE /* LaunchScreen.xib in Resources */ = {isa = PBXBuildFile; fileRef = 6B6B47661B1EECB4007757EE /* LaunchScreen.xib */; };
		6B6B47741B1EECB4007757EE /* TrustKitDemoTests.m in Sources */ = {isa = PBXBuildFile; fileRef = 6B6B47731B1EECB4007757EE /* TrustKitDemoTests.m */; };
		B650CA2BA14FCCE185939AFC /* libPods-TrustKitDemoTests.a in Frameworks */ = {isa = PBXBuildFile; fileRef = 81F0BC1F01420B11BABA3F70 /* libPods-TrustKitDemoTests.a */; };
		F1D0561988E0372655EEBF7F /* libPods-TrustKitDemo.a in Frameworks */ = {isa = PBXBuildFile; fileRef = 75EC4F7CB03ADA7677583BB5 /* libPods-TrustKitDemo.a */; };
/* End PBXBuildFile section */

/* Begin PBXContainerItemProxy section */
		6B6B476E1B1EECB4007757EE /* PBXContainerItemProxy */ = {
			isa = PBXContainerItemProxy;
			containerPortal = 6B6B474C1B1EECB3007757EE /* Project object */;
			proxyType = 1;
			remoteGlobalIDString = 6B6B47531B1EECB3007757EE;
			remoteInfo = TrustKitDemo;
		};
/* End PBXContainerItemProxy section */

/* Begin PBXCopyFilesBuildPhase section */
		8C87172D1B23D13D00267E1D /* Embed Frameworks */ = {
			isa = PBXCopyFilesBuildPhase;
			buildActionMask = 2147483647;
			dstPath = "";
			dstSubfolderSpec = 10;
			files = (
			);
			name = "Embed Frameworks";
			runOnlyForDeploymentPostprocessing = 0;
		};
/* End PBXCopyFilesBuildPhase section */

/* Begin PBXFileReference section */
		3A47D23A52719E83AA8F9229 /* Pods-TrustKitDemoTests.release.xcconfig */ = {isa = PBXFileReference; includeInIndex = 1; lastKnownFileType = text.xcconfig; name = "Pods-TrustKitDemoTests.release.xcconfig"; path = "Pods/Target Support Files/Pods-TrustKitDemoTests/Pods-TrustKitDemoTests.release.xcconfig"; sourceTree = "<group>"; };
		518BB7D5D00797876C1892C6 /* Pods-TrustKitDemoTests.debug.xcconfig */ = {isa = PBXFileReference; includeInIndex = 1; lastKnownFileType = text.xcconfig; name = "Pods-TrustKitDemoTests.debug.xcconfig"; path = "Pods/Target Support Files/Pods-TrustKitDemoTests/Pods-TrustKitDemoTests.debug.xcconfig"; sourceTree = "<group>"; };
		52094A7238DB9A175D116621 /* Pods-TrustKitDemo.debug.xcconfig */ = {isa = PBXFileReference; includeInIndex = 1; lastKnownFileType = text.xcconfig; name = "Pods-TrustKitDemo.debug.xcconfig"; path = "Pods/Target Support Files/Pods-TrustKitDemo/Pods-TrustKitDemo.debug.xcconfig"; sourceTree = "<group>"; };
		6B6B47541B1EECB4007757EE /* TrustKitDemo.app */ = {isa = PBXFileReference; explicitFileType = wrapper.application; includeInIndex = 0; path = TrustKitDemo.app; sourceTree = BUILT_PRODUCTS_DIR; };
		6B6B47581B1EECB4007757EE /* Info.plist */ = {isa = PBXFileReference; lastKnownFileType = text.plist.xml; path = Info.plist; sourceTree = "<group>"; };
		6B6B47591B1EECB4007757EE /* main.m */ = {isa = PBXFileReference; lastKnownFileType = sourcecode.c.objc; path = main.m; sourceTree = "<group>"; };
		6B6B475B1B1EECB4007757EE /* AppDelegate.h */ = {isa = PBXFileReference; lastKnownFileType = sourcecode.c.h; path = AppDelegate.h; sourceTree = "<group>"; };
		6B6B475C1B1EECB4007757EE /* AppDelegate.m */ = {isa = PBXFileReference; lastKnownFileType = sourcecode.c.objc; path = AppDelegate.m; sourceTree = "<group>"; };
		6B6B475E1B1EECB4007757EE /* ViewController.h */ = {isa = PBXFileReference; lastKnownFileType = sourcecode.c.h; path = ViewController.h; sourceTree = "<group>"; };
		6B6B475F1B1EECB4007757EE /* ViewController.m */ = {isa = PBXFileReference; lastKnownFileType = sourcecode.c.objc; path = ViewController.m; sourceTree = "<group>"; };
		6B6B47621B1EECB4007757EE /* Base */ = {isa = PBXFileReference; lastKnownFileType = file.storyboard; name = Base; path = Base.lproj/Main.storyboard; sourceTree = "<group>"; };
		6B6B47641B1EECB4007757EE /* Images.xcassets */ = {isa = PBXFileReference; lastKnownFileType = folder.assetcatalog; path = Images.xcassets; sourceTree = "<group>"; };
		6B6B47671B1EECB4007757EE /* Base */ = {isa = PBXFileReference; lastKnownFileType = file.xib; name = Base; path = Base.lproj/LaunchScreen.xib; sourceTree = "<group>"; };
		6B6B476D1B1EECB4007757EE /* TrustKitDemoTests.xctest */ = {isa = PBXFileReference; explicitFileType = wrapper.cfbundle; includeInIndex = 0; path = TrustKitDemoTests.xctest; sourceTree = BUILT_PRODUCTS_DIR; };
		6B6B47721B1EECB4007757EE /* Info.plist */ = {isa = PBXFileReference; lastKnownFileType = text.plist.xml; path = Info.plist; sourceTree = "<group>"; };
		6B6B47731B1EECB4007757EE /* TrustKitDemoTests.m */ = {isa = PBXFileReference; lastKnownFileType = sourcecode.c.objc; path = TrustKitDemoTests.m; sourceTree = "<group>"; };
		75EC4F7CB03ADA7677583BB5 /* libPods-TrustKitDemo.a */ = {isa = PBXFileReference; explicitFileType = archive.ar; includeInIndex = 0; path = "libPods-TrustKitDemo.a"; sourceTree = BUILT_PRODUCTS_DIR; };
		81F0BC1F01420B11BABA3F70 /* libPods-TrustKitDemoTests.a */ = {isa = PBXFileReference; explicitFileType = archive.ar; includeInIndex = 0; path = "libPods-TrustKitDemoTests.a"; sourceTree = BUILT_PRODUCTS_DIR; };
		8EE1D97CA53452DA97B5B00B /* Pods-TrustKitDemo.release.xcconfig */ = {isa = PBXFileReference; includeInIndex = 1; lastKnownFileType = text.xcconfig; name = "Pods-TrustKitDemo.release.xcconfig"; path = "Pods/Target Support Files/Pods-TrustKitDemo/Pods-TrustKitDemo.release.xcconfig"; sourceTree = "<group>"; };
/* End PBXFileReference section */

/* Begin PBXFrameworksBuildPhase section */
		6B6B47511B1EECB3007757EE /* Frameworks */ = {
			isa = PBXFrameworksBuildPhase;
			buildActionMask = 2147483647;
			files = (
				F1D0561988E0372655EEBF7F /* libPods-TrustKitDemo.a in Frameworks */,
			);
			runOnlyForDeploymentPostprocessing = 0;
		};
		6B6B476A1B1EECB4007757EE /* Frameworks */ = {
			isa = PBXFrameworksBuildPhase;
			buildActionMask = 2147483647;
			files = (
				B650CA2BA14FCCE185939AFC /* libPods-TrustKitDemoTests.a in Frameworks */,
			);
			runOnlyForDeploymentPostprocessing = 0;
		};
/* End PBXFrameworksBuildPhase section */

/* Begin PBXGroup section */
		362EB7BF52EE53A927668191 /* Frameworks */ = {
			isa = PBXGroup;
			children = (
				75EC4F7CB03ADA7677583BB5 /* libPods-TrustKitDemo.a */,
				81F0BC1F01420B11BABA3F70 /* libPods-TrustKitDemoTests.a */,
			);
			name = Frameworks;
			sourceTree = "<group>";
		};
		4E8F50C0C3B47F4A3F3A5650 /* Pods */ = {
			isa = PBXGroup;
			children = (
				52094A7238DB9A175D116621 /* Pods-TrustKitDemo.debug.xcconfig */,
				8EE1D97CA53452DA97B5B00B /* Pods-TrustKitDemo.release.xcconfig */,
				518BB7D5D00797876C1892C6 /* Pods-TrustKitDemoTests.debug.xcconfig */,
				3A47D23A52719E83AA8F9229 /* Pods-TrustKitDemoTests.release.xcconfig */,
			);
			name = Pods;
			sourceTree = "<group>";
		};
		6B6B474B1B1EECB3007757EE = {
			isa = PBXGroup;
			children = (
				6B6B47561B1EECB4007757EE /* TrustKitDemo */,
				6B6B47701B1EECB4007757EE /* TrustKitDemoTests */,
				6B6B47551B1EECB4007757EE /* Products */,
				4E8F50C0C3B47F4A3F3A5650 /* Pods */,
				362EB7BF52EE53A927668191 /* Frameworks */,
			);
			sourceTree = "<group>";
		};
		6B6B47551B1EECB4007757EE /* Products */ = {
			isa = PBXGroup;
			children = (
				6B6B47541B1EECB4007757EE /* TrustKitDemo.app */,
				6B6B476D1B1EECB4007757EE /* TrustKitDemoTests.xctest */,
			);
			name = Products;
			sourceTree = "<group>";
		};
		6B6B47561B1EECB4007757EE /* TrustKitDemo */ = {
			isa = PBXGroup;
			children = (
				6B6B475B1B1EECB4007757EE /* AppDelegate.h */,
				6B6B475C1B1EECB4007757EE /* AppDelegate.m */,
				6B6B475E1B1EECB4007757EE /* ViewController.h */,
				6B6B475F1B1EECB4007757EE /* ViewController.m */,
				6B6B47611B1EECB4007757EE /* Main.storyboard */,
				6B6B47641B1EECB4007757EE /* Images.xcassets */,
				6B6B47661B1EECB4007757EE /* LaunchScreen.xib */,
				6B6B47571B1EECB4007757EE /* Supporting Files */,
			);
			path = TrustKitDemo;
			sourceTree = "<group>";
		};
		6B6B47571B1EECB4007757EE /* Supporting Files */ = {
			isa = PBXGroup;
			children = (
				6B6B47581B1EECB4007757EE /* Info.plist */,
				6B6B47591B1EECB4007757EE /* main.m */,
			);
			name = "Supporting Files";
			sourceTree = "<group>";
		};
		6B6B47701B1EECB4007757EE /* TrustKitDemoTests */ = {
			isa = PBXGroup;
			children = (
				6B6B47731B1EECB4007757EE /* TrustKitDemoTests.m */,
				6B6B47711B1EECB4007757EE /* Supporting Files */,
			);
			path = TrustKitDemoTests;
			sourceTree = "<group>";
		};
		6B6B47711B1EECB4007757EE /* Supporting Files */ = {
			isa = PBXGroup;
			children = (
				6B6B47721B1EECB4007757EE /* Info.plist */,
			);
			name = "Supporting Files";
			sourceTree = "<group>";
		};
/* End PBXGroup section */

/* Begin PBXNativeTarget section */
		6B6B47531B1EECB3007757EE /* TrustKitDemo */ = {
			isa = PBXNativeTarget;
			buildConfigurationList = 6B6B47771B1EECB4007757EE /* Build configuration list for PBXNativeTarget "TrustKitDemo" */;
			buildPhases = (
				DD01FC1464059D47BB958E91 /* [CP] Check Pods Manifest.lock */,
				6B6B47501B1EECB3007757EE /* Sources */,
				6B6B47511B1EECB3007757EE /* Frameworks */,
				6B6B47521B1EECB3007757EE /* Resources */,
				8C87172D1B23D13D00267E1D /* Embed Frameworks */,
				1BBB5F5D2C35836AE183BBAE /* [CP] Embed Pods Frameworks */,
				5D72E4DAE7E46DF1F7DE9061 /* [CP] Copy Pods Resources */,
			);
			buildRules = (
			);
			dependencies = (
			);
			name = TrustKitDemo;
			productName = TrustKitDemo;
			productReference = 6B6B47541B1EECB4007757EE /* TrustKitDemo.app */;
			productType = "com.apple.product-type.application";
		};
		6B6B476C1B1EECB4007757EE /* TrustKitDemoTests */ = {
			isa = PBXNativeTarget;
			buildConfigurationList = 6B6B477A1B1EECB4007757EE /* Build configuration list for PBXNativeTarget "TrustKitDemoTests" */;
			buildPhases = (
				B1DCA48C391AF6D73CA4ACC7 /* [CP] Check Pods Manifest.lock */,
				6B6B47691B1EECB4007757EE /* Sources */,
				6B6B476A1B1EECB4007757EE /* Frameworks */,
				6B6B476B1B1EECB4007757EE /* Resources */,
				B3588C9F72FA70D8A25D3B65 /* [CP] Embed Pods Frameworks */,
				F4DE745FF05F716F1CE066F2 /* [CP] Copy Pods Resources */,
			);
			buildRules = (
			);
			dependencies = (
				6B6B476F1B1EECB4007757EE /* PBXTargetDependency */,
			);
			name = TrustKitDemoTests;
			productName = TrustKitDemoTests;
			productReference = 6B6B476D1B1EECB4007757EE /* TrustKitDemoTests.xctest */;
			productType = "com.apple.product-type.bundle.unit-test";
		};
/* End PBXNativeTarget section */

/* Begin PBXProject section */
		6B6B474C1B1EECB3007757EE /* Project object */ = {
			isa = PBXProject;
			attributes = {
				LastUpgradeCheck = 0900;
				ORGANIZATIONNAME = "Data Theorem";
				TargetAttributes = {
					6B6B47531B1EECB3007757EE = {
						CreatedOnToolsVersion = 6.3.1;
						DevelopmentTeam = D94Z5227S5;
					};
					6B6B476C1B1EECB4007757EE = {
						CreatedOnToolsVersion = 6.3.1;
						TestTargetID = 6B6B47531B1EECB3007757EE;
					};
				};
			};
			buildConfigurationList = 6B6B474F1B1EECB3007757EE /* Build configuration list for PBXProject "TrustKitDemo" */;
			compatibilityVersion = "Xcode 3.2";
			developmentRegion = English;
			hasScannedForEncodings = 0;
			knownRegions = (
				en,
				Base,
			);
			mainGroup = 6B6B474B1B1EECB3007757EE;
			productRefGroup = 6B6B47551B1EECB4007757EE /* Products */;
			projectDirPath = "";
			projectRoot = "";
			targets = (
				6B6B47531B1EECB3007757EE /* TrustKitDemo */,
				6B6B476C1B1EECB4007757EE /* TrustKitDemoTests */,
			);
		};
/* End PBXProject section */

/* Begin PBXResourcesBuildPhase section */
		6B6B47521B1EECB3007757EE /* Resources */ = {
			isa = PBXResourcesBuildPhase;
			buildActionMask = 2147483647;
			files = (
				6B6B47631B1EECB4007757EE /* Main.storyboard in Resources */,
				6B6B47681B1EECB4007757EE /* LaunchScreen.xib in Resources */,
				6B6B47651B1EECB4007757EE /* Images.xcassets in Resources */,
			);
			runOnlyForDeploymentPostprocessing = 0;
		};
		6B6B476B1B1EECB4007757EE /* Resources */ = {
			isa = PBXResourcesBuildPhase;
			buildActionMask = 2147483647;
			files = (
			);
			runOnlyForDeploymentPostprocessing = 0;
		};
/* End PBXResourcesBuildPhase section */

/* Begin PBXShellScriptBuildPhase section */
		1BBB5F5D2C35836AE183BBAE /* [CP] Embed Pods Frameworks */ = {
			isa = PBXShellScriptBuildPhase;
			buildActionMask = 2147483647;
			files = (
			);
			inputPaths = (
			);
			name = "[CP] Embed Pods Frameworks";
			outputPaths = (
			);
			runOnlyForDeploymentPostprocessing = 0;
			shellPath = /bin/sh;
			shellScript = "\"${SRCROOT}/Pods/Target Support Files/Pods-TrustKitDemo/Pods-TrustKitDemo-frameworks.sh\"\n";
			showEnvVarsInLog = 0;
		};
		5D72E4DAE7E46DF1F7DE9061 /* [CP] Copy Pods Resources */ = {
			isa = PBXShellScriptBuildPhase;
			buildActionMask = 2147483647;
			files = (
			);
			inputPaths = (
			);
			name = "[CP] Copy Pods Resources";
			outputPaths = (
			);
			runOnlyForDeploymentPostprocessing = 0;
			shellPath = /bin/sh;
			shellScript = "\"${SRCROOT}/Pods/Target Support Files/Pods-TrustKitDemo/Pods-TrustKitDemo-resources.sh\"\n";
			showEnvVarsInLog = 0;
		};
		B1DCA48C391AF6D73CA4ACC7 /* [CP] Check Pods Manifest.lock */ = {
			isa = PBXShellScriptBuildPhase;
			buildActionMask = 2147483647;
			files = (
			);
			inputPaths = (
			);
			name = "[CP] Check Pods Manifest.lock";
			outputPaths = (
			);
			runOnlyForDeploymentPostprocessing = 0;
			shellPath = /bin/sh;
			shellScript = "diff \"${PODS_PODFILE_DIR_PATH}/Podfile.lock\" \"${PODS_ROOT}/Manifest.lock\" > /dev/null\nif [ $? != 0 ] ; then\n    # print error to STDERR\n    echo \"error: The sandbox is not in sync with the Podfile.lock. Run 'pod install' or update your CocoaPods installation.\" >&2\n    exit 1\nfi\n";
			showEnvVarsInLog = 0;
		};
		B3588C9F72FA70D8A25D3B65 /* [CP] Embed Pods Frameworks */ = {
			isa = PBXShellScriptBuildPhase;
			buildActionMask = 2147483647;
			files = (
			);
			inputPaths = (
			);
			name = "[CP] Embed Pods Frameworks";
			outputPaths = (
			);
			runOnlyForDeploymentPostprocessing = 0;
			shellPath = /bin/sh;
			shellScript = "\"${SRCROOT}/Pods/Target Support Files/Pods-TrustKitDemoTests/Pods-TrustKitDemoTests-frameworks.sh\"\n";
			showEnvVarsInLog = 0;
		};
		DD01FC1464059D47BB958E91 /* [CP] Check Pods Manifest.lock */ = {
			isa = PBXShellScriptBuildPhase;
			buildActionMask = 2147483647;
			files = (
			);
			inputPaths = (
			);
			name = "[CP] Check Pods Manifest.lock";
			outputPaths = (
			);
			runOnlyForDeploymentPostprocessing = 0;
			shellPath = /bin/sh;
			shellScript = "diff \"${PODS_PODFILE_DIR_PATH}/Podfile.lock\" \"${PODS_ROOT}/Manifest.lock\" > /dev/null\nif [ $? != 0 ] ; then\n    # print error to STDERR\n    echo \"error: The sandbox is not in sync with the Podfile.lock. Run 'pod install' or update your CocoaPods installation.\" >&2\n    exit 1\nfi\n";
			showEnvVarsInLog = 0;
		};
		F4DE745FF05F716F1CE066F2 /* [CP] Copy Pods Resources */ = {
			isa = PBXShellScriptBuildPhase;
			buildActionMask = 2147483647;
			files = (
			);
			inputPaths = (
			);
			name = "[CP] Copy Pods Resources";
			outputPaths = (
			);
			runOnlyForDeploymentPostprocessing = 0;
			shellPath = /bin/sh;
			shellScript = "\"${SRCROOT}/Pods/Target Support Files/Pods-TrustKitDemoTests/Pods-TrustKitDemoTests-resources.sh\"\n";
			showEnvVarsInLog = 0;
		};
/* End PBXShellScriptBuildPhase section */

/* Begin PBXSourcesBuildPhase section */
		6B6B47501B1EECB3007757EE /* Sources */ = {
			isa = PBXSourcesBuildPhase;
			buildActionMask = 2147483647;
			files = (
				6B6B47601B1EECB4007757EE /* ViewController.m in Sources */,
				6B6B475D1B1EECB4007757EE /* AppDelegate.m in Sources */,
				6B6B475A1B1EECB4007757EE /* main.m in Sources */,
			);
			runOnlyForDeploymentPostprocessing = 0;
		};
		6B6B47691B1EECB4007757EE /* Sources */ = {
			isa = PBXSourcesBuildPhase;
			buildActionMask = 2147483647;
			files = (
				6B6B47741B1EECB4007757EE /* TrustKitDemoTests.m in Sources */,
			);
			runOnlyForDeploymentPostprocessing = 0;
		};
/* End PBXSourcesBuildPhase section */

/* Begin PBXTargetDependency section */
		6B6B476F1B1EECB4007757EE /* PBXTargetDependency */ = {
			isa = PBXTargetDependency;
			target = 6B6B47531B1EECB3007757EE /* TrustKitDemo */;
			targetProxy = 6B6B476E1B1EECB4007757EE /* PBXContainerItemProxy */;
		};
/* End PBXTargetDependency section */

/* Begin PBXVariantGroup section */
		6B6B47611B1EECB4007757EE /* Main.storyboard */ = {
			isa = PBXVariantGroup;
			children = (
				6B6B47621B1EECB4007757EE /* Base */,
			);
			name = Main.storyboard;
			sourceTree = "<group>";
		};
		6B6B47661B1EECB4007757EE /* LaunchScreen.xib */ = {
			isa = PBXVariantGroup;
			children = (
				6B6B47671B1EECB4007757EE /* Base */,
			);
			name = LaunchScreen.xib;
			sourceTree = "<group>";
		};
/* End PBXVariantGroup section */

/* Begin XCBuildConfiguration section */
		6B6B47751B1EECB4007757EE /* Debug */ = {
			isa = XCBuildConfiguration;
			buildSettings = {
				ALWAYS_SEARCH_USER_PATHS = NO;
				CLANG_CXX_LANGUAGE_STANDARD = "gnu++0x";
				CLANG_CXX_LIBRARY = "libc++";
				CLANG_ENABLE_MODULES = YES;
				CLANG_ENABLE_OBJC_ARC = YES;
				CLANG_WARN_BLOCK_CAPTURE_AUTORELEASING = YES;
				CLANG_WARN_BOOL_CONVERSION = YES;
				CLANG_WARN_COMMA = YES;
				CLANG_WARN_CONSTANT_CONVERSION = YES;
				CLANG_WARN_DIRECT_OBJC_ISA_USAGE = YES_ERROR;
				CLANG_WARN_EMPTY_BODY = YES;
				CLANG_WARN_ENUM_CONVERSION = YES;
				CLANG_WARN_INFINITE_RECURSION = YES;
				CLANG_WARN_INT_CONVERSION = YES;
				CLANG_WARN_NON_LITERAL_NULL_CONVERSION = YES;
				CLANG_WARN_OBJC_LITERAL_CONVERSION = YES;
				CLANG_WARN_OBJC_ROOT_CLASS = YES_ERROR;
				CLANG_WARN_RANGE_LOOP_ANALYSIS = YES;
				CLANG_WARN_STRICT_PROTOTYPES = YES;
				CLANG_WARN_SUSPICIOUS_MOVE = YES;
				CLANG_WARN_UNREACHABLE_CODE = YES;
				CLANG_WARN__DUPLICATE_METHOD_MATCH = YES;
				"CODE_SIGN_IDENTITY[sdk=iphoneos*]" = "iPhone Developer";
				COPY_PHASE_STRIP = NO;
				DEBUG_INFORMATION_FORMAT = "dwarf-with-dsym";
				ENABLE_STRICT_OBJC_MSGSEND = YES;
				ENABLE_TESTABILITY = YES;
				GCC_C_LANGUAGE_STANDARD = gnu99;
				GCC_DYNAMIC_NO_PIC = NO;
				GCC_NO_COMMON_BLOCKS = YES;
				GCC_OPTIMIZATION_LEVEL = 0;
				GCC_PREPROCESSOR_DEFINITIONS = (
					"DEBUG=1",
					"$(inherited)",
				);
				GCC_SYMBOLS_PRIVATE_EXTERN = NO;
				GCC_WARN_64_TO_32_BIT_CONVERSION = YES;
				GCC_WARN_ABOUT_RETURN_TYPE = YES_ERROR;
				GCC_WARN_UNDECLARED_SELECTOR = YES;
				GCC_WARN_UNINITIALIZED_AUTOS = YES_AGGRESSIVE;
				GCC_WARN_UNUSED_FUNCTION = YES;
				GCC_WARN_UNUSED_VARIABLE = YES;
				HEADER_SEARCH_PATHS = (
					"$(inherited)",
					/Applications/Xcode.app/Contents/Developer/Toolchains/XcodeDefault.xctoolchain/usr/include,
					"../TrustKit/**",
				);
				IPHONEOS_DEPLOYMENT_TARGET = 8.3;
				MTL_ENABLE_DEBUG_INFO = YES;
				ONLY_ACTIVE_ARCH = YES;
				SDKROOT = iphoneos;
			};
			name = Debug;
		};
		6B6B47761B1EECB4007757EE /* Release */ = {
			isa = XCBuildConfiguration;
			buildSettings = {
				ALWAYS_SEARCH_USER_PATHS = NO;
				CLANG_CXX_LANGUAGE_STANDARD = "gnu++0x";
				CLANG_CXX_LIBRARY = "libc++";
				CLANG_ENABLE_MODULES = YES;
				CLANG_ENABLE_OBJC_ARC = YES;
				CLANG_WARN_BLOCK_CAPTURE_AUTORELEASING = YES;
				CLANG_WARN_BOOL_CONVERSION = YES;
				CLANG_WARN_COMMA = YES;
				CLANG_WARN_CONSTANT_CONVERSION = YES;
				CLANG_WARN_DIRECT_OBJC_ISA_USAGE = YES_ERROR;
				CLANG_WARN_EMPTY_BODY = YES;
				CLANG_WARN_ENUM_CONVERSION = YES;
				CLANG_WARN_INFINITE_RECURSION = YES;
				CLANG_WARN_INT_CONVERSION = YES;
				CLANG_WARN_NON_LITERAL_NULL_CONVERSION = YES;
				CLANG_WARN_OBJC_LITERAL_CONVERSION = YES;
				CLANG_WARN_OBJC_ROOT_CLASS = YES_ERROR;
				CLANG_WARN_RANGE_LOOP_ANALYSIS = YES;
				CLANG_WARN_STRICT_PROTOTYPES = YES;
				CLANG_WARN_SUSPICIOUS_MOVE = YES;
				CLANG_WARN_UNREACHABLE_CODE = YES;
				CLANG_WARN__DUPLICATE_METHOD_MATCH = YES;
				"CODE_SIGN_IDENTITY[sdk=iphoneos*]" = "iPhone Developer";
				COPY_PHASE_STRIP = NO;
				DEBUG_INFORMATION_FORMAT = "dwarf-with-dsym";
				ENABLE_NS_ASSERTIONS = NO;
				ENABLE_STRICT_OBJC_MSGSEND = YES;
				GCC_C_LANGUAGE_STANDARD = gnu99;
				GCC_NO_COMMON_BLOCKS = YES;
				GCC_WARN_64_TO_32_BIT_CONVERSION = YES;
				GCC_WARN_ABOUT_RETURN_TYPE = YES_ERROR;
				GCC_WARN_UNDECLARED_SELECTOR = YES;
				GCC_WARN_UNINITIALIZED_AUTOS = YES_AGGRESSIVE;
				GCC_WARN_UNUSED_FUNCTION = YES;
				GCC_WARN_UNUSED_VARIABLE = YES;
				HEADER_SEARCH_PATHS = (
					"$(inherited)",
					/Applications/Xcode.app/Contents/Developer/Toolchains/XcodeDefault.xctoolchain/usr/include,
					"../TrustKit/**",
				);
				IPHONEOS_DEPLOYMENT_TARGET = 8.3;
				MTL_ENABLE_DEBUG_INFO = NO;
				SDKROOT = iphoneos;
				VALIDATE_PRODUCT = YES;
			};
			name = Release;
		};
		6B6B47781B1EECB4007757EE /* Debug */ = {
			isa = XCBuildConfiguration;
			baseConfigurationReference = 52094A7238DB9A175D116621 /* Pods-TrustKitDemo.debug.xcconfig */;
			buildSettings = {
				ASSETCATALOG_COMPILER_APPICON_NAME = AppIcon;
				CODE_SIGN_IDENTITY = "iPhone Developer";
				"CODE_SIGN_IDENTITY[sdk=iphoneos*]" = "iPhone Developer";
				INFOPLIST_FILE = TrustKitDemo/Info.plist;
				IPHONEOS_DEPLOYMENT_TARGET = 8.0;
				LD_RUNPATH_SEARCH_PATHS = "$(inherited) @executable_path/Frameworks";
				PRODUCT_BUNDLE_IDENTIFIER = "com.datatheorem.$(PRODUCT_NAME:rfc1034identifier)";
				PRODUCT_NAME = "$(TARGET_NAME)";
				PROVISIONING_PROFILE = "";
			};
			name = Debug;
		};
		6B6B47791B1EECB4007757EE /* Release */ = {
			isa = XCBuildConfiguration;
			baseConfigurationReference = 8EE1D97CA53452DA97B5B00B /* Pods-TrustKitDemo.release.xcconfig */;
			buildSettings = {
				ASSETCATALOG_COMPILER_APPICON_NAME = AppIcon;
				CODE_SIGN_IDENTITY = "iPhone Developer";
				"CODE_SIGN_IDENTITY[sdk=iphoneos*]" = "iPhone Developer";
				INFOPLIST_FILE = TrustKitDemo/Info.plist;
				IPHONEOS_DEPLOYMENT_TARGET = 8.0;
				LD_RUNPATH_SEARCH_PATHS = "$(inherited) @executable_path/Frameworks";
				PRODUCT_BUNDLE_IDENTIFIER = "com.datatheorem.$(PRODUCT_NAME:rfc1034identifier)";
				PRODUCT_NAME = "$(TARGET_NAME)";
				PROVISIONING_PROFILE = "";
			};
			name = Release;
		};
		6B6B477B1B1EECB4007757EE /* Debug */ = {
			isa = XCBuildConfiguration;
			baseConfigurationReference = 518BB7D5D00797876C1892C6 /* Pods-TrustKitDemoTests.debug.xcconfig */;
			buildSettings = {
				BUNDLE_LOADER = "$(TEST_HOST)";
				FRAMEWORK_SEARCH_PATHS = (
					"$(SDKROOT)/Developer/Library/Frameworks",
					"$(inherited)",
				);
				GCC_PREPROCESSOR_DEFINITIONS = (
					"DEBUG=1",
					"$(inherited)",
				);
				INFOPLIST_FILE = TrustKitDemoTests/Info.plist;
				LD_RUNPATH_SEARCH_PATHS = "$(inherited) @executable_path/Frameworks @loader_path/Frameworks";
				PRODUCT_BUNDLE_IDENTIFIER = "com.datatheorem.$(PRODUCT_NAME:rfc1034identifier)";
				PRODUCT_NAME = "$(TARGET_NAME)";
				TEST_HOST = "$(BUILT_PRODUCTS_DIR)/TrustKitDemo.app/TrustKitDemo";
			};
			name = Debug;
		};
		6B6B477C1B1EECB4007757EE /* Release */ = {
			isa = XCBuildConfiguration;
			baseConfigurationReference = 3A47D23A52719E83AA8F9229 /* Pods-TrustKitDemoTests.release.xcconfig */;
			buildSettings = {
				BUNDLE_LOADER = "$(TEST_HOST)";
				FRAMEWORK_SEARCH_PATHS = (
					"$(SDKROOT)/Developer/Library/Frameworks",
					"$(inherited)",
				);
				INFOPLIST_FILE = TrustKitDemoTests/Info.plist;
				LD_RUNPATH_SEARCH_PATHS = "$(inherited) @executable_path/Frameworks @loader_path/Frameworks";
				PRODUCT_BUNDLE_IDENTIFIER = "com.datatheorem.$(PRODUCT_NAME:rfc1034identifier)";
				PRODUCT_NAME = "$(TARGET_NAME)";
				TEST_HOST = "$(BUILT_PRODUCTS_DIR)/TrustKitDemo.app/TrustKitDemo";
			};
			name = Release;
		};
/* End XCBuildConfiguration section */

/* Begin XCConfigurationList section */
		6B6B474F1B1EECB3007757EE /* Build configuration list for PBXProject "TrustKitDemo" */ = {
			isa = XCConfigurationList;
			buildConfigurations = (
				6B6B47751B1EECB4007757EE /* Debug */,
				6B6B47761B1EECB4007757EE /* Release */,
			);
			defaultConfigurationIsVisible = 0;
			defaultConfigurationName = Release;
		};
		6B6B47771B1EECB4007757EE /* Build configuration list for PBXNativeTarget "TrustKitDemo" */ = {
			isa = XCConfigurationList;
			buildConfigurations = (
				6B6B47781B1EECB4007757EE /* Debug */,
				6B6B47791B1EECB4007757EE /* Release */,
			);
			defaultConfigurationIsVisible = 0;
			defaultConfigurationName = Release;
		};
		6B6B477A1B1EECB4007757EE /* Build configuration list for PBXNativeTarget "TrustKitDemoTests" */ = {
			isa = XCConfigurationList;
			buildConfigurations = (
				6B6B477B1B1EECB4007757EE /* Debug */,
				6B6B477C1B1EECB4007757EE /* Release */,
			);
			defaultConfigurationIsVisible = 0;
			defaultConfigurationName = Release;
		};
/* End XCConfigurationList section */
	};
	rootObject = 6B6B474C1B1EECB3007757EE /* Project object */;
}
