// !$*UTF8*$!
{
	archiveVersion = 1;
	classes = {
	};
	objectVersion = 46;
	objects = {

/* Begin PBXBuildFile section */
		194230A21EF7C91A00029B04 /* main.m in Sources */ = {isa = PBXBuildFile; fileRef = 194230A11EF7C91A00029B04 /* main.m */; };
		194230A51EF7C91A00029B04 /* AppDelegate.m in Sources */ = {isa = PBXBuildFile; fileRef = 194230A41EF7C91A00029B04 /* AppDelegate.m */; };
		194230A81EF7C91A00029B04 /* ViewController.m in Sources */ = {isa = PBXBuildFile; fileRef = 194230A71EF7C91A00029B04 /* ViewController.m */; };
		194230AB1EF7C91A00029B04 /* Main.storyboard in Resources */ = {isa = PBXBuildFile; fileRef = 194230A91EF7C91A00029B04 /* Main.storyboard */; };
		194230AD1EF7C91A00029B04 /* Assets.xcassets in Resources */ = {isa = PBXBuildFile; fileRef = 194230AC1EF7C91A00029B04 /* Assets.xcassets */; };
		194230B01EF7C91A00029B04 /* LaunchScreen.storyboard in Resources */ = {isa = PBXBuildFile; fileRef = 194230AE1EF7C91A00029B04 /* LaunchScreen.storyboard */; };
		194231161EF9658800029B04 /* AppDelegate.swift in Sources */ = {isa = PBXBuildFile; fileRef = 194231151EF9658800029B04 /* AppDelegate.swift */; };
		194231181EF9658800029B04 /* DTViewController.swift in Sources */ = {isa = PBXBuildFile; fileRef = 194231171EF9658800029B04 /* DTViewController.swift */; };
		1942311D1EF9658800029B04 /* Assets.xcassets in Resources */ = {isa = PBXBuildFile; fileRef = 1942311C1EF9658800029B04 /* Assets.xcassets */; };
		194231271EF9663F00029B04 /* Main.storyboard in Resources */ = {isa = PBXBuildFile; fileRef = 194231261EF9663F00029B04 /* Main.storyboard */; };
		5A8D1A59570DDDCEA069122F /* Pods_TrustKitDemo_Swift.framework in Frameworks */ = {isa = PBXBuildFile; fileRef = DA439ED79C3CC872A6212881 /* Pods_TrustKitDemo_Swift.framework */; };
		E90DE1D752D726C6764F55E6 /* libPods-TrustKitDemo-ObjC.a in Frameworks */ = {isa = PBXBuildFile; fileRef = 4594D1F801A2D85113A8D4A7 /* libPods-TrustKitDemo-ObjC.a */; };
/* End PBXBuildFile section */

/* Begin PBXCopyFilesBuildPhase section */
		1942310A1EF8431400029B04 /* Embed Frameworks */ = {
			isa = PBXCopyFilesBuildPhase;
			buildActionMask = 2147483647;
			dstPath = "";
			dstSubfolderSpec = 10;
			files = (
			);
			name = "Embed Frameworks";
			runOnlyForDeploymentPostprocessing = 0;
		};
/* End PBXCopyFilesBuildPhase section */

/* Begin PBXFileReference section */
		1942309D1EF7C91A00029B04 /* TrustKitDemo-ObjC.app */ = {isa = PBXFileReference; explicitFileType = wrapper.application; includeInIndex = 0; path = "TrustKitDemo-ObjC.app"; sourceTree = BUILT_PRODUCTS_DIR; };
		194230A11EF7C91A00029B04 /* main.m */ = {isa = PBXFileReference; lastKnownFileType = sourcecode.c.objc; path = main.m; sourceTree = "<group>"; };
		194230A31EF7C91A00029B04 /* AppDelegate.h */ = {isa = PBXFileReference; lastKnownFileType = sourcecode.c.h; path = AppDelegate.h; sourceTree = "<group>"; };
		194230A41EF7C91A00029B04 /* AppDelegate.m */ = {isa = PBXFileReference; lastKnownFileType = sourcecode.c.objc; path = AppDelegate.m; sourceTree = "<group>"; };
		194230A61EF7C91A00029B04 /* ViewController.h */ = {isa = PBXFileReference; lastKnownFileType = sourcecode.c.h; path = ViewController.h; sourceTree = "<group>"; };
		194230A71EF7C91A00029B04 /* ViewController.m */ = {isa = PBXFileReference; lastKnownFileType = sourcecode.c.objc; path = ViewController.m; sourceTree = "<group>"; };
		194230AA1EF7C91A00029B04 /* Base */ = {isa = PBXFileReference; lastKnownFileType = file.storyboard; name = Base; path = Base.lproj/Main.storyboard; sourceTree = "<group>"; };
		194230AC1EF7C91A00029B04 /* Assets.xcassets */ = {isa = PBXFileReference; lastKnownFileType = folder.assetcatalog; path = Assets.xcassets; sourceTree = "<group>"; };
		194230AF1EF7C91A00029B04 /* Base */ = {isa = PBXFileReference; lastKnownFileType = file.storyboard; name = Base; path = Base.lproj/LaunchScreen.storyboard; sourceTree = "<group>"; };
		194230B11EF7C91A00029B04 /* Info.plist */ = {isa = PBXFileReference; lastKnownFileType = text.plist.xml; path = Info.plist; sourceTree = "<group>"; };
		194231131EF9658800029B04 /* TrustKitDemo-Swift.app */ = {isa = PBXFileReference; explicitFileType = wrapper.application; includeInIndex = 0; path = "TrustKitDemo-Swift.app"; sourceTree = BUILT_PRODUCTS_DIR; };
		194231151EF9658800029B04 /* AppDelegate.swift */ = {isa = PBXFileReference; lastKnownFileType = sourcecode.swift; path = AppDelegate.swift; sourceTree = "<group>"; };
		194231171EF9658800029B04 /* DTViewController.swift */ = {isa = PBXFileReference; lastKnownFileType = sourcecode.swift; path = DTViewController.swift; sourceTree = "<group>"; };
		1942311C1EF9658800029B04 /* Assets.xcassets */ = {isa = PBXFileReference; lastKnownFileType = folder.assetcatalog; path = Assets.xcassets; sourceTree = "<group>"; };
		194231261EF9663F00029B04 /* Main.storyboard */ = {isa = PBXFileReference; fileEncoding = 4; lastKnownFileType = file.storyboard; path = Main.storyboard; sourceTree = "<group>"; };
		30535E1438B5A9A32F97C7F3 /* Pods-TrustKitDemo-ObjC.debug.xcconfig */ = {isa = PBXFileReference; includeInIndex = 1; lastKnownFileType = text.xcconfig; name = "Pods-TrustKitDemo-ObjC.debug.xcconfig"; path = "Pods/Target Support Files/Pods-TrustKitDemo-ObjC/Pods-TrustKitDemo-ObjC.debug.xcconfig"; sourceTree = "<group>"; };
		4594D1F801A2D85113A8D4A7 /* libPods-TrustKitDemo-ObjC.a */ = {isa = PBXFileReference; explicitFileType = archive.ar; includeInIndex = 0; path = "libPods-TrustKitDemo-ObjC.a"; sourceTree = BUILT_PRODUCTS_DIR; };
		9F77E736E3DC0DB307912893 /* Pods_TrustKitDemoInSwift.framework */ = {isa = PBXFileReference; explicitFileType = wrapper.framework; includeInIndex = 0; path = Pods_TrustKitDemoInSwift.framework; sourceTree = BUILT_PRODUCTS_DIR; };
		9FDCACA5A2721D9EF3F32921 /* Pods-TrustKitDemo-Swift.release.xcconfig */ = {isa = PBXFileReference; includeInIndex = 1; lastKnownFileType = text.xcconfig; name = "Pods-TrustKitDemo-Swift.release.xcconfig"; path = "Pods/Target Support Files/Pods-TrustKitDemo-Swift/Pods-TrustKitDemo-Swift.release.xcconfig"; sourceTree = "<group>"; };
		BE18B1D51351C2F2618BD2F7 /* Pods-TrustKitDemo-Swift.debug.xcconfig */ = {isa = PBXFileReference; includeInIndex = 1; lastKnownFileType = text.xcconfig; name = "Pods-TrustKitDemo-Swift.debug.xcconfig"; path = "Pods/Target Support Files/Pods-TrustKitDemo-Swift/Pods-TrustKitDemo-Swift.debug.xcconfig"; sourceTree = "<group>"; };
		D2731A50771388BDCC19542B /* Pods-TrustKitDemo-ObjC.release.xcconfig */ = {isa = PBXFileReference; includeInIndex = 1; lastKnownFileType = text.xcconfig; name = "Pods-TrustKitDemo-ObjC.release.xcconfig"; path = "Pods/Target Support Files/Pods-TrustKitDemo-ObjC/Pods-TrustKitDemo-ObjC.release.xcconfig"; sourceTree = "<group>"; };
		DA439ED79C3CC872A6212881 /* Pods_TrustKitDemo_Swift.framework */ = {isa = PBXFileReference; explicitFileType = wrapper.framework; includeInIndex = 0; path = Pods_TrustKitDemo_Swift.framework; sourceTree = BUILT_PRODUCTS_DIR; };
		ED236495884111AC895A025E /* libPods-TrustKitDemo.a */ = {isa = PBXFileReference; explicitFileType = archive.ar; includeInIndex = 0; path = "libPods-TrustKitDemo.a"; sourceTree = BUILT_PRODUCTS_DIR; };
		FCB0DD861F117CBE00741410 /* Info.plist */ = {isa = PBXFileReference; lastKnownFileType = text.plist.xml; path = Info.plist; sourceTree = "<group>"; };
		FCB0DD881F117D4C00741410 /* LaunchScreen.storyboard */ = {isa = PBXFileReference; lastKnownFileType = file.storyboard; path = LaunchScreen.storyboard; sourceTree = "<group>"; };
/* End PBXFileReference section */

/* Begin PBXFrameworksBuildPhase section */
		1942309A1EF7C91A00029B04 /* Frameworks */ = {
			isa = PBXFrameworksBuildPhase;
			buildActionMask = 2147483647;
			files = (
				E90DE1D752D726C6764F55E6 /* libPods-TrustKitDemo-ObjC.a in Frameworks */,
			);
			runOnlyForDeploymentPostprocessing = 0;
		};
		194231101EF9658800029B04 /* Frameworks */ = {
			isa = PBXFrameworksBuildPhase;
			buildActionMask = 2147483647;
			files = (
				5A8D1A59570DDDCEA069122F /* Pods_TrustKitDemo_Swift.framework in Frameworks */,
			);
			runOnlyForDeploymentPostprocessing = 0;
		};
/* End PBXFrameworksBuildPhase section */

/* Begin PBXGroup section */
		194230941EF7C91A00029B04 = {
			isa = PBXGroup;
			children = (
				1942309F1EF7C91A00029B04 /* TrustKitDemo-ObjC */,
				194231141EF9658800029B04 /* TrustKitDemo-Swift */,
				1942309E1EF7C91A00029B04 /* Products */,
				D967AF3E12D8D8B5235F2256 /* Pods */,
				F58942AA5E9A3C720DDF8006 /* Frameworks */,
			);
			sourceTree = "<group>";
		};
		1942309E1EF7C91A00029B04 /* Products */ = {
			isa = PBXGroup;
			children = (
				1942309D1EF7C91A00029B04 /* TrustKitDemo-ObjC.app */,
				194231131EF9658800029B04 /* TrustKitDemo-Swift.app */,
			);
			name = Products;
			sourceTree = "<group>";
		};
		1942309F1EF7C91A00029B04 /* TrustKitDemo-ObjC */ = {
			isa = PBXGroup;
			children = (
				194230A31EF7C91A00029B04 /* AppDelegate.h */,
				194230A41EF7C91A00029B04 /* AppDelegate.m */,
				194230A61EF7C91A00029B04 /* ViewController.h */,
				194230A71EF7C91A00029B04 /* ViewController.m */,
				194230A01EF7C91A00029B04 /* Supporting Files */,
			);
			path = "TrustKitDemo-ObjC";
			sourceTree = "<group>";
		};
		194230A01EF7C91A00029B04 /* Supporting Files */ = {
			isa = PBXGroup;
			children = (
				194230B11EF7C91A00029B04 /* Info.plist */,
				194230AE1EF7C91A00029B04 /* LaunchScreen.storyboard */,
				194230A91EF7C91A00029B04 /* Main.storyboard */,
				194230AC1EF7C91A00029B04 /* Assets.xcassets */,
				194230A11EF7C91A00029B04 /* main.m */,
			);
			name = "Supporting Files";
			sourceTree = "<group>";
		};
		194231141EF9658800029B04 /* TrustKitDemo-Swift */ = {
			isa = PBXGroup;
			children = (
				194231151EF9658800029B04 /* AppDelegate.swift */,
				194231171EF9658800029B04 /* DTViewController.swift */,
				FCB0DD871F117CCD00741410 /* Supporting FIles */,
			);
			path = "TrustKitDemo-Swift";
			sourceTree = "<group>";
		};
		D967AF3E12D8D8B5235F2256 /* Pods */ = {
			isa = PBXGroup;
			children = (
				30535E1438B5A9A32F97C7F3 /* Pods-TrustKitDemo-ObjC.debug.xcconfig */,
				D2731A50771388BDCC19542B /* Pods-TrustKitDemo-ObjC.release.xcconfig */,
				BE18B1D51351C2F2618BD2F7 /* Pods-TrustKitDemo-Swift.debug.xcconfig */,
				9FDCACA5A2721D9EF3F32921 /* Pods-TrustKitDemo-Swift.release.xcconfig */,
			);
			name = Pods;
			sourceTree = "<group>";
		};
		F58942AA5E9A3C720DDF8006 /* Frameworks */ = {
			isa = PBXGroup;
			children = (
				ED236495884111AC895A025E /* libPods-TrustKitDemo.a */,
				9F77E736E3DC0DB307912893 /* Pods_TrustKitDemoInSwift.framework */,
				4594D1F801A2D85113A8D4A7 /* libPods-TrustKitDemo-ObjC.a */,
				DA439ED79C3CC872A6212881 /* Pods_TrustKitDemo_Swift.framework */,
			);
			name = Frameworks;
			sourceTree = "<group>";
		};
		FCB0DD871F117CCD00741410 /* Supporting FIles */ = {
			isa = PBXGroup;
			children = (
				FCB0DD861F117CBE00741410 /* Info.plist */,
				FCB0DD881F117D4C00741410 /* LaunchScreen.storyboard */,
				194231261EF9663F00029B04 /* Main.storyboard */,
				1942311C1EF9658800029B04 /* Assets.xcassets */,
			);
			name = "Supporting FIles";
			sourceTree = "<group>";
		};
/* End PBXGroup section */

/* Begin PBXNativeTarget section */
		1942309C1EF7C91A00029B04 /* TrustKitDemo-ObjC */ = {
			isa = PBXNativeTarget;
			buildConfigurationList = 194230BF1EF7C91B00029B04 /* Build configuration list for PBXNativeTarget "TrustKitDemo-ObjC" */;
			buildPhases = (
				FE484BC2D3DE5A98FB396530 /* [CP] Check Pods Manifest.lock */,
				194230991EF7C91A00029B04 /* Sources */,
				1942309A1EF7C91A00029B04 /* Frameworks */,
				1942309B1EF7C91A00029B04 /* Resources */,
				1942310A1EF8431400029B04 /* Embed Frameworks */,
			);
			buildRules = (
			);
			dependencies = (
			);
			name = "TrustKitDemo-ObjC";
			productName = TrustKitDemo;
			productReference = 1942309D1EF7C91A00029B04 /* TrustKitDemo-ObjC.app */;
			productType = "com.apple.product-type.application";
		};
		194231121EF9658800029B04 /* TrustKitDemo-Swift */ = {
			isa = PBXNativeTarget;
			buildConfigurationList = 194231221EF9658800029B04 /* Build configuration list for PBXNativeTarget "TrustKitDemo-Swift" */;
			buildPhases = (
				8CA07DBE8A9BC5BDBC638FC6 /* [CP] Check Pods Manifest.lock */,
				1942310F1EF9658800029B04 /* Sources */,
				194231101EF9658800029B04 /* Frameworks */,
				194231111EF9658800029B04 /* Resources */,
				BBC1A58CA4B22D26E361B87D /* [CP] Embed Pods Frameworks */,
			);
			buildRules = (
			);
			dependencies = (
			);
			name = "TrustKitDemo-Swift";
			productName = TrustKitDemoInSwift;
			productReference = 194231131EF9658800029B04 /* TrustKitDemo-Swift.app */;
			productType = "com.apple.product-type.application";
		};
/* End PBXNativeTarget section */

/* Begin PBXProject section */
		194230951EF7C91A00029B04 /* Project object */ = {
			isa = PBXProject;
			attributes = {
				LastSwiftUpdateCheck = 0830;
				LastUpgradeCheck = 1000;
				ORGANIZATIONNAME = DataTheorem;
				TargetAttributes = {
					1942309C1EF7C91A00029B04 = {
						CreatedOnToolsVersion = 8.3.2;
						DevelopmentTeam = D94Z5227S5;
						ProvisioningStyle = Automatic;
					};
					194231121EF9658800029B04 = {
						CreatedOnToolsVersion = 8.3.2;
						DevelopmentTeam = D94Z5227S5;
						LastSwiftMigration = 1000;
						ProvisioningStyle = Automatic;
					};
				};
			};
			buildConfigurationList = 194230981EF7C91A00029B04 /* Build configuration list for PBXProject "TrustKitDemo" */;
			compatibilityVersion = "Xcode 3.2";
			developmentRegion = English;
			hasScannedForEncodings = 0;
			knownRegions = (
				en,
				Base,
			);
			mainGroup = 194230941EF7C91A00029B04;
			productRefGroup = 1942309E1EF7C91A00029B04 /* Products */;
			projectDirPath = "";
			projectRoot = "";
			targets = (
				1942309C1EF7C91A00029B04 /* TrustKitDemo-ObjC */,
				194231121EF9658800029B04 /* TrustKitDemo-Swift */,
			);
		};
/* End PBXProject section */

/* Begin PBXResourcesBuildPhase section */
		1942309B1EF7C91A00029B04 /* Resources */ = {
			isa = PBXResourcesBuildPhase;
			buildActionMask = 2147483647;
			files = (
				194230B01EF7C91A00029B04 /* LaunchScreen.storyboard in Resources */,
				194230AD1EF7C91A00029B04 /* Assets.xcassets in Resources */,
				194230AB1EF7C91A00029B04 /* Main.storyboard in Resources */,
			);
			runOnlyForDeploymentPostprocessing = 0;
		};
		194231111EF9658800029B04 /* Resources */ = {
			isa = PBXResourcesBuildPhase;
			buildActionMask = 2147483647;
			files = (
				1942311D1EF9658800029B04 /* Assets.xcassets in Resources */,
				194231271EF9663F00029B04 /* Main.storyboard in Resources */,
			);
			runOnlyForDeploymentPostprocessing = 0;
		};
/* End PBXResourcesBuildPhase section */

/* Begin PBXShellScriptBuildPhase section */
		8CA07DBE8A9BC5BDBC638FC6 /* [CP] Check Pods Manifest.lock */ = {
			isa = PBXShellScriptBuildPhase;
			buildActionMask = 2147483647;
			files = (
			);
			inputPaths = (
				"${PODS_PODFILE_DIR_PATH}/Podfile.lock",
				"${PODS_ROOT}/Manifest.lock",
			);
			name = "[CP] Check Pods Manifest.lock";
			outputPaths = (
				"$(DERIVED_FILE_DIR)/Pods-TrustKitDemo-Swift-checkManifestLockResult.txt",
			);
			runOnlyForDeploymentPostprocessing = 0;
			shellPath = /bin/sh;
			shellScript = "diff \"${PODS_PODFILE_DIR_PATH}/Podfile.lock\" \"${PODS_ROOT}/Manifest.lock\" > /dev/null\nif [ $? != 0 ] ; then\n    # print error to STDERR\n    echo \"error: The sandbox is not in sync with the Podfile.lock. Run 'pod install' or update your CocoaPods installation.\" >&2\n    exit 1\nfi\n# This output is used by Xcode 'outputs' to avoid re-running this script phase.\necho \"SUCCESS\" > \"${SCRIPT_OUTPUT_FILE_0}\"\n";
			showEnvVarsInLog = 0;
		};
		BBC1A58CA4B22D26E361B87D /* [CP] Embed Pods Frameworks */ = {
			isa = PBXShellScriptBuildPhase;
			buildActionMask = 2147483647;
			files = (
			);
			inputPaths = (
				"${PODS_ROOT}/Target Support Files/Pods-TrustKitDemo-Swift/Pods-TrustKitDemo-Swift-frameworks.sh",
				"${BUILT_PRODUCTS_DIR}/TrustKit-framework/TrustKit.framework",
			);
			name = "[CP] Embed Pods Frameworks";
			outputPaths = (
				"${TARGET_BUILD_DIR}/${FRAMEWORKS_FOLDER_PATH}/TrustKit.framework",
			);
			runOnlyForDeploymentPostprocessing = 0;
			shellPath = /bin/sh;
			shellScript = "\"${PODS_ROOT}/Target Support Files/Pods-TrustKitDemo-Swift/Pods-TrustKitDemo-Swift-frameworks.sh\"\n";
			showEnvVarsInLog = 0;
		};
		FE484BC2D3DE5A98FB396530 /* [CP] Check Pods Manifest.lock */ = {
			isa = PBXShellScriptBuildPhase;
			buildActionMask = 2147483647;
			files = (
			);
			inputPaths = (
				"${PODS_PODFILE_DIR_PATH}/Podfile.lock",
				"${PODS_ROOT}/Manifest.lock",
			);
			name = "[CP] Check Pods Manifest.lock";
			outputPaths = (
				"$(DERIVED_FILE_DIR)/Pods-TrustKitDemo-ObjC-checkManifestLockResult.txt",
			);
			runOnlyForDeploymentPostprocessing = 0;
			shellPath = /bin/sh;
			shellScript = "diff \"${PODS_PODFILE_DIR_PATH}/Podfile.lock\" \"${PODS_ROOT}/Manifest.lock\" > /dev/null\nif [ $? != 0 ] ; then\n    # print error to STDERR\n    echo \"error: The sandbox is not in sync with the Podfile.lock. Run 'pod install' or update your CocoaPods installation.\" >&2\n    exit 1\nfi\n# This output is used by Xcode 'outputs' to avoid re-running this script phase.\necho \"SUCCESS\" > \"${SCRIPT_OUTPUT_FILE_0}\"\n";
			showEnvVarsInLog = 0;
		};
/* End PBXShellScriptBuildPhase section */

/* Begin PBXSourcesBuildPhase section */
		194230991EF7C91A00029B04 /* Sources */ = {
			isa = PBXSourcesBuildPhase;
			buildActionMask = 2147483647;
			files = (
				194230A81EF7C91A00029B04 /* ViewController.m in Sources */,
				194230A51EF7C91A00029B04 /* AppDelegate.m in Sources */,
				194230A21EF7C91A00029B04 /* main.m in Sources */,
			);
			runOnlyForDeploymentPostprocessing = 0;
		};
		1942310F1EF9658800029B04 /* Sources */ = {
			isa = PBXSourcesBuildPhase;
			buildActionMask = 2147483647;
			files = (
				194231181EF9658800029B04 /* DTViewController.swift in Sources */,
				194231161EF9658800029B04 /* AppDelegate.swift in Sources */,
			);
			runOnlyForDeploymentPostprocessing = 0;
		};
/* End PBXSourcesBuildPhase section */

/* Begin PBXVariantGroup section */
		194230A91EF7C91A00029B04 /* Main.storyboard */ = {
			isa = PBXVariantGroup;
			children = (
				194230AA1EF7C91A00029B04 /* Base */,
			);
			name = Main.storyboard;
			sourceTree = "<group>";
		};
		194230AE1EF7C91A00029B04 /* LaunchScreen.storyboard */ = {
			isa = PBXVariantGroup;
			children = (
				194230AF1EF7C91A00029B04 /* Base */,
			);
			name = LaunchScreen.storyboard;
			sourceTree = "<group>";
		};
/* End PBXVariantGroup section */

/* Begin XCBuildConfiguration section */
		194230BD1EF7C91B00029B04 /* Debug */ = {
			isa = XCBuildConfiguration;
			buildSettings = {
				ALWAYS_SEARCH_USER_PATHS = NO;
				CLANG_ANALYZER_NONNULL = YES;
				CLANG_ANALYZER_NUMBER_OBJECT_CONVERSION = YES_AGGRESSIVE;
				CLANG_CXX_LANGUAGE_STANDARD = "gnu++0x";
				CLANG_CXX_LIBRARY = "libc++";
				CLANG_ENABLE_MODULES = YES;
				CLANG_ENABLE_OBJC_ARC = YES;
				CLANG_WARN_BLOCK_CAPTURE_AUTORELEASING = YES;
				CLANG_WARN_BOOL_CONVERSION = YES;
				CLANG_WARN_COMMA = YES;
				CLANG_WARN_CONSTANT_CONVERSION = YES;
				CLANG_WARN_DEPRECATED_OBJC_IMPLEMENTATIONS = YES;
				CLANG_WARN_DIRECT_OBJC_ISA_USAGE = YES_ERROR;
				CLANG_WARN_DOCUMENTATION_COMMENTS = YES;
				CLANG_WARN_EMPTY_BODY = YES;
				CLANG_WARN_ENUM_CONVERSION = YES;
				CLANG_WARN_INFINITE_RECURSION = YES;
				CLANG_WARN_INT_CONVERSION = YES;
				CLANG_WARN_NON_LITERAL_NULL_CONVERSION = YES;
				CLANG_WARN_OBJC_IMPLICIT_RETAIN_SELF = YES;
				CLANG_WARN_OBJC_LITERAL_CONVERSION = YES;
				CLANG_WARN_OBJC_ROOT_CLASS = YES_ERROR;
				CLANG_WARN_RANGE_LOOP_ANALYSIS = YES;
				CLANG_WARN_STRICT_PROTOTYPES = YES;
				CLANG_WARN_SUSPICIOUS_MOVE = YES;
				CLANG_WARN_UNREACHABLE_CODE = YES;
				CLANG_WARN__DUPLICATE_METHOD_MATCH = YES;
				"CODE_SIGN_IDENTITY[sdk=iphoneos*]" = "iPhone Developer";
				COPY_PHASE_STRIP = NO;
				DEBUG_INFORMATION_FORMAT = dwarf;
				ENABLE_STRICT_OBJC_MSGSEND = YES;
				ENABLE_TESTABILITY = YES;
				GCC_C_LANGUAGE_STANDARD = gnu99;
				GCC_DYNAMIC_NO_PIC = NO;
				GCC_NO_COMMON_BLOCKS = YES;
				GCC_OPTIMIZATION_LEVEL = 0;
				GCC_PREPROCESSOR_DEFINITIONS = (
					"DEBUG=1",
					"$(inherited)",
				);
				GCC_WARN_64_TO_32_BIT_CONVERSION = YES;
				GCC_WARN_ABOUT_RETURN_TYPE = YES_ERROR;
				GCC_WARN_UNDECLARED_SELECTOR = YES;
				GCC_WARN_UNINITIALIZED_AUTOS = YES_AGGRESSIVE;
				GCC_WARN_UNUSED_FUNCTION = YES;
				GCC_WARN_UNUSED_VARIABLE = YES;
				IPHONEOS_DEPLOYMENT_TARGET = 10.0;
				MTL_ENABLE_DEBUG_INFO = YES;
				ONLY_ACTIVE_ARCH = YES;
				SDKROOT = iphoneos;
			};
			name = Debug;
		};
		194230BE1EF7C91B00029B04 /* Release */ = {
			isa = XCBuildConfiguration;
			buildSettings = {
				ALWAYS_SEARCH_USER_PATHS = NO;
				CLANG_ANALYZER_NONNULL = YES;
				CLANG_ANALYZER_NUMBER_OBJECT_CONVERSION = YES_AGGRESSIVE;
				CLANG_CXX_LANGUAGE_STANDARD = "gnu++0x";
				CLANG_CXX_LIBRARY = "libc++";
				CLANG_ENABLE_MODULES = YES;
				CLANG_ENABLE_OBJC_ARC = YES;
				CLANG_WARN_BLOCK_CAPTURE_AUTORELEASING = YES;
				CLANG_WARN_BOOL_CONVERSION = YES;
				CLANG_WARN_COMMA = YES;
				CLANG_WARN_CONSTANT_CONVERSION = YES;
				CLANG_WARN_DEPRECATED_OBJC_IMPLEMENTATIONS = YES;
				CLANG_WARN_DIRECT_OBJC_ISA_USAGE = YES_ERROR;
				CLANG_WARN_DOCUMENTATION_COMMENTS = YES;
				CLANG_WARN_EMPTY_BODY = YES;
				CLANG_WARN_ENUM_CONVERSION = YES;
				CLANG_WARN_INFINITE_RECURSION = YES;
				CLANG_WARN_INT_CONVERSION = YES;
				CLANG_WARN_NON_LITERAL_NULL_CONVERSION = YES;
				CLANG_WARN_OBJC_IMPLICIT_RETAIN_SELF = YES;
				CLANG_WARN_OBJC_LITERAL_CONVERSION = YES;
				CLANG_WARN_OBJC_ROOT_CLASS = YES_ERROR;
				CLANG_WARN_RANGE_LOOP_ANALYSIS = YES;
				CLANG_WARN_STRICT_PROTOTYPES = YES;
				CLANG_WARN_SUSPICIOUS_MOVE = YES;
				CLANG_WARN_UNREACHABLE_CODE = YES;
				CLANG_WARN__DUPLICATE_METHOD_MATCH = YES;
				"CODE_SIGN_IDENTITY[sdk=iphoneos*]" = "iPhone Developer";
				COPY_PHASE_STRIP = NO;
				DEBUG_INFORMATION_FORMAT = "dwarf-with-dsym";
				ENABLE_NS_ASSERTIONS = NO;
				ENABLE_STRICT_OBJC_MSGSEND = YES;
				GCC_C_LANGUAGE_STANDARD = gnu99;
				GCC_NO_COMMON_BLOCKS = YES;
				GCC_WARN_64_TO_32_BIT_CONVERSION = YES;
				GCC_WARN_ABOUT_RETURN_TYPE = YES_ERROR;
				GCC_WARN_UNDECLARED_SELECTOR = YES;
				GCC_WARN_UNINITIALIZED_AUTOS = YES_AGGRESSIVE;
				GCC_WARN_UNUSED_FUNCTION = YES;
				GCC_WARN_UNUSED_VARIABLE = YES;
				IPHONEOS_DEPLOYMENT_TARGET = 10.0;
				MTL_ENABLE_DEBUG_INFO = NO;
				SDKROOT = iphoneos;
				SWIFT_COMPILATION_MODE = wholemodule;
				VALIDATE_PRODUCT = YES;
			};
			name = Release;
		};
		194230C01EF7C91B00029B04 /* Debug */ = {
			isa = XCBuildConfiguration;
			baseConfigurationReference = 30535E1438B5A9A32F97C7F3 /* Pods-TrustKitDemo-ObjC.debug.xcconfig */;
			buildSettings = {
				ASSETCATALOG_COMPILER_APPICON_NAME = AppIcon;
				DEVELOPMENT_TEAM = D94Z5227S5;
				INFOPLIST_FILE = "TrustKitDemo-ObjC/Info.plist";
				LD_RUNPATH_SEARCH_PATHS = "$(inherited) @executable_path/Frameworks";
				PRODUCT_BUNDLE_IDENTIFIER = "com.datatheorem.TrustKitDemo-ObjC";
				PRODUCT_NAME = "$(TARGET_NAME)";
				TARGETED_DEVICE_FAMILY = "1,2";
			};
			name = Debug;
		};
		194230C11EF7C91B00029B04 /* Release */ = {
			isa = XCBuildConfiguration;
			baseConfigurationReference = D2731A50771388BDCC19542B /* Pods-TrustKitDemo-ObjC.release.xcconfig */;
			buildSettings = {
				ASSETCATALOG_COMPILER_APPICON_NAME = AppIcon;
				DEVELOPMENT_TEAM = D94Z5227S5;
				INFOPLIST_FILE = "TrustKitDemo-ObjC/Info.plist";
				LD_RUNPATH_SEARCH_PATHS = "$(inherited) @executable_path/Frameworks";
				PRODUCT_BUNDLE_IDENTIFIER = "com.datatheorem.TrustKitDemo-ObjC";
				PRODUCT_NAME = "$(TARGET_NAME)";
				TARGETED_DEVICE_FAMILY = "1,2";
			};
			name = Release;
		};
		194231231EF9658800029B04 /* Debug */ = {
			isa = XCBuildConfiguration;
			baseConfigurationReference = BE18B1D51351C2F2618BD2F7 /* Pods-TrustKitDemo-Swift.debug.xcconfig */;
			buildSettings = {
				ASSETCATALOG_COMPILER_APPICON_NAME = AppIcon;
				DEVELOPMENT_TEAM = D94Z5227S5;
				INFOPLIST_FILE = "TrustKitDemo-Swift/Info.plist";
				LD_RUNPATH_SEARCH_PATHS = "$(inherited) @executable_path/Frameworks";
				PRODUCT_BUNDLE_IDENTIFIER = "com.datatheorem.TrustKitDemo-Swift";
				PRODUCT_NAME = "$(TARGET_NAME)";
				SWIFT_ACTIVE_COMPILATION_CONDITIONS = DEBUG;
				SWIFT_OPTIMIZATION_LEVEL = "-Onone";
				SWIFT_SWIFT3_OBJC_INFERENCE = On;
				SWIFT_VERSION = 4.2;
				TARGETED_DEVICE_FAMILY = "1,2";
			};
			name = Debug;
		};
		194231241EF9658800029B04 /* Release */ = {
			isa = XCBuildConfiguration;
			baseConfigurationReference = 9FDCACA5A2721D9EF3F32921 /* Pods-TrustKitDemo-Swift.release.xcconfig */;
			buildSettings = {
				ASSETCATALOG_COMPILER_APPICON_NAME = AppIcon;
				DEVELOPMENT_TEAM = D94Z5227S5;
				INFOPLIST_FILE = "TrustKitDemo-Swift/Info.plist";
				LD_RUNPATH_SEARCH_PATHS = "$(inherited) @executable_path/Frameworks";
				PRODUCT_BUNDLE_IDENTIFIER = "com.datatheorem.TrustKitDemo-Swift";
				PRODUCT_NAME = "$(TARGET_NAME)";
				SWIFT_OPTIMIZATION_LEVEL = "-Owholemodule";
				SWIFT_SWIFT3_OBJC_INFERENCE = On;
				SWIFT_VERSION = 4.2;
				TARGETED_DEVICE_FAMILY = "1,2";
			};
			name = Release;
		};
/* End XCBuildConfiguration section */

/* Begin XCConfigurationList section */
		194230981EF7C91A00029B04 /* Build configuration list for PBXProject "TrustKitDemo" */ = {
			isa = XCConfigurationList;
			buildConfigurations = (
				194230BD1EF7C91B00029B04 /* Debug */,
				194230BE1EF7C91B00029B04 /* Release */,
			);
			defaultConfigurationIsVisible = 0;
			defaultConfigurationName = Release;
		};
		194230BF1EF7C91B00029B04 /* Build configuration list for PBXNativeTarget "TrustKitDemo-ObjC" */ = {
			isa = XCConfigurationList;
			buildConfigurations = (
				194230C01EF7C91B00029B04 /* Debug */,
				194230C11EF7C91B00029B04 /* Release */,
			);
			defaultConfigurationIsVisible = 0;
			defaultConfigurationName = Release;
		};
		194231221EF9658800029B04 /* Build configuration list for PBXNativeTarget "TrustKitDemo-Swift" */ = {
			isa = XCConfigurationList;
			buildConfigurations = (
				194231231EF9658800029B04 /* Debug */,
				194231241EF9658800029B04 /* Release */,
			);
			defaultConfigurationIsVisible = 0;
			defaultConfigurationName = Release;
		};
/* End XCConfigurationList section */
	};
	rootObject = 194230951EF7C91A00029B04 /* Project object */;
}
